{
  "version": 4,
  "terraform_version": "1.13.1",
  "serial": 72,
  "lineage": "a11d39a0-f30d-e7fb-6252-a83042109da2",
  "outputs": {
    "deployment_summary": {
      "value": {
        "environment": "prod",
        "has_bastion": true,
        "has_firewall": true,
        "location": "westeurope",
        "management_groups": [
          "connectivity",
          "corp",
          "decommissioned",
          "identity",
          "landing-zones",
          "management",
          "online",
          "platform",
          "sandbox"
        ],
        "subscriptions": [
          "connectivity",
          "corp",
          "identity",
          "management",
          "online"
        ]
      },
      "type": [
        "object",
        {
          "environment": "string",
          "has_bastion": "bool",
          "has_firewall": "bool",
          "location": "string",
          "management_groups": [
            "tuple",
            [
              "string",
              "string",
              "string",
              "string",
              "string",
              "string",
              "string",
              "string",
              "string"
            ]
          ],
          "subscriptions": [
            "list",
            "string"
          ]
        }
      ]
    },
    "hub_network_info": {
      "value": {
        "bastion_host_id": "/subscriptions/99b9471d-fb1f-4dc7-a739-203a486d9310/resourceGroups/rg-networking-prod/providers/Microsoft.Network/bastionHosts/bastion-prod",
        "bastion_public_ip": "40.74.19.4",
        "firewall_private_ip": "10.0.1.4",
        "firewall_public_ip": "108.142.47.135",
        "vnet_id": "/subscriptions/99b9471d-fb1f-4dc7-a739-203a486d9310/resourceGroups/rg-networking-prod/providers/Microsoft.Network/virtualNetworks/hub-vnet-prod",
        "vnet_name": "hub-vnet-prod"
      },
      "type": [
        "object",
        {
          "bastion_host_id": "string",
          "bastion_public_ip": "string",
          "firewall_private_ip": "string",
          "firewall_public_ip": "string",
          "vnet_id": "string",
          "vnet_name": "string"
        }
      ]
    },
    "key_vault_id": {
      "value": "/subscriptions/99b9471d-fb1f-4dc7-a739-203a486d9310/resourceGroups/rg-security-prod/providers/Microsoft.KeyVault/vaults/kv-platform-prod-yc3r3b",
      "type": "string",
      "sensitive": true
    },
    "key_vault_uri": {
      "value": "https://kv-platform-prod-yc3r3b.vault.azure.net/",
      "type": "string"
    },
    "log_analytics_workspace_id": {
      "value": "/subscriptions/99b9471d-fb1f-4dc7-a739-203a486d9310/resourceGroups/rg-monitoring-prod/providers/Microsoft.OperationalInsights/workspaces/law-platform-prod-8jsr5b",
      "type": "string"
    },
    "log_analytics_workspace_name": {
      "value": "law-platform-prod-8jsr5b",
      "type": "string"
    },
    "management_group_ids": {
      "value": {
        "connectivity": "/providers/Microsoft.Management/managementGroups/connectivity",
        "corp": "/providers/Microsoft.Management/managementGroups/corp",
        "decommissioned": "/providers/Microsoft.Management/managementGroups/decommissioned",
        "identity": "/providers/Microsoft.Management/managementGroups/identity",
        "landing-zones": "/providers/Microsoft.Management/managementGroups/landing-zones",
        "management": "/providers/Microsoft.Management/managementGroups/management",
        "online": "/providers/Microsoft.Management/managementGroups/online",
        "platform": "/providers/Microsoft.Management/managementGroups/platform",
        "sandbox": "/providers/Microsoft.Management/managementGroups/sandbox"
      },
      "type": [
        "object",
        {
          "connectivity": "string",
          "corp": "string",
          "decommissioned": "string",
          "identity": "string",
          "landing-zones": "string",
          "management": "string",
          "online": "string",
          "platform": "string",
          "sandbox": "string"
        }
      ]
    },
    "management_group_names": {
      "value": {
        "connectivity": "connectivity",
        "corp": "corp",
        "decommissioned": "decommissioned",
        "identity": "identity",
        "landing-zones": "landing-zones",
        "management": "management",
        "online": "online",
        "platform": "platform",
        "sandbox": "sandbox"
      },
      "type": [
        "object",
        {
          "connectivity": "string",
          "corp": "string",
          "decommissioned": "string",
          "identity": "string",
          "landing-zones": "string",
          "management": "string",
          "online": "string",
          "platform": "string",
          "sandbox": "string"
        }
      ]
    },
    "subscription_ids": {
      "value": {
        "connectivity": "",
        "corp": "",
        "identity": "",
        "management": "",
        "online": ""
      },
      "type": [
        "object",
        {
          "connectivity": "string",
          "corp": "string",
          "identity": "string",
          "management": "string",
          "online": "string"
        }
      ],
      "sensitive": true
    }
  },
  "resources": [
    {
      "mode": "data",
      "type": "azuread_client_config",
      "name": "current",
      "provider": "provider[\"registry.terraform.io/hashicorp/azuread\"]",
      "instances": [
        {
          "schema_version": 0,
          "attributes": {
            "client_id": "04b07795-8ddb-461a-bbee-02f9e1bf7b46",
            "id": "e8125987-f066-46c2-bc71-bec9d8d3aef5-04b07795-8ddb-461a-bbee-02f9e1bf7b46-71cfeb27-409a-4dbb-be04-e0ea0b3b6ea7",
            "object_id": "71cfeb27-409a-4dbb-be04-e0ea0b3b6ea7",
            "tenant_id": "e8125987-f066-46c2-bc71-bec9d8d3aef5",
            "timeouts": null
          },
          "sensitive_attributes": [],
          "identity_schema_version": 0
        }
      ]
    },
    {
      "mode": "data",
      "type": "azurerm_client_config",
      "name": "current",
      "provider": "provider[\"registry.terraform.io/hashicorp/azurerm\"]",
      "instances": [
        {
          "schema_version": 0,
          "attributes": {
            "client_id": "04b07795-8ddb-461a-bbee-02f9e1bf7b46",
            "id": "Y2xpZW50Q29uZmlncy9jbGllbnRJZD0wNGIwNzc5NS04ZGRiLTQ2MWEtYmJlZS0wMmY5ZTFiZjdiNDY7b2JqZWN0SWQ9NzFjZmViMjctNDA5YS00ZGJiLWJlMDQtZTBlYTBiM2I2ZWE3O3N1YnNjcmlwdGlvbklkPTk5Yjk0NzFkLWZiMWYtNGRjNy1hNzM5LTIwM2E0ODZkOTMxMDt0ZW5hbnRJZD1lODEyNTk4Ny1mMDY2LTQ2YzItYmM3MS1iZWM5ZDhkM2FlZjU=",
            "object_id": "71cfeb27-409a-4dbb-be04-e0ea0b3b6ea7",
            "subscription_id": "99b9471d-fb1f-4dc7-a739-203a486d9310",
            "tenant_id": "e8125987-f066-46c2-bc71-bec9d8d3aef5",
            "timeouts": null
          },
          "sensitive_attributes": [],
          "identity_schema_version": 0
        }
      ]
    },
    {
      "mode": "data",
      "type": "azurerm_subscription",
      "name": "current",
      "provider": "provider[\"registry.terraform.io/hashicorp/azurerm\"]",
      "instances": [
        {
          "schema_version": 0,
          "attributes": {
            "display_name": "mohamedtaoufikSub",
            "id": "/subscriptions/99b9471d-fb1f-4dc7-a739-203a486d9310",
            "location_placement_id": "Public_2014-09-01",
            "quota_id": "FreeTrial_2014-09-01",
            "spending_limit": "On",
            "state": "Enabled",
            "subscription_id": "99b9471d-fb1f-4dc7-a739-203a486d9310",
            "tags": {},
            "tenant_id": "e8125987-f066-46c2-bc71-bec9d8d3aef5",
            "timeouts": null
          },
          "sensitive_attributes": [],
          "identity_schema_version": 0
        }
      ]
    },
    {
      "mode": "managed",
      "type": "random_string",
      "name": "suffix",
      "provider": "provider[\"registry.terraform.io/hashicorp/random\"]",
      "instances": [
        {
          "schema_version": 2,
          "attributes": {
            "id": "8jsr5b",
            "keepers": null,
            "length": 6,
            "lower": true,
            "min_lower": 0,
            "min_numeric": 0,
            "min_special": 0,
            "min_upper": 0,
            "number": true,
            "numeric": true,
            "override_special": null,
            "result": "8jsr5b",
            "special": false,
            "upper": false
          },
          "sensitive_attributes": [],
          "identity_schema_version": 0
        }
      ]
    },
    {
      "module": "module.management_groups",
      "mode": "managed",
      "type": "azurerm_management_group",
      "name": "child",
      "provider": "provider[\"registry.terraform.io/hashicorp/azurerm\"]",
      "instances": [
        {
          "index_key": "connectivity",
          "schema_version": 0,
          "attributes": {
            "display_name": "Connectivity",
            "id": "/providers/Microsoft.Management/managementGroups/connectivity",
            "name": "connectivity",
            "parent_management_group_id": "/providers/Microsoft.Management/managementGroups/platform",
            "subscription_ids": [],
            "tenant_scoped_id": "/tenants/e8125987-f066-46c2-bc71-bec9d8d3aef5/providers/Microsoft.Management/managementGroups/connectivity",
            "timeouts": null
          },
          "sensitive_attributes": [],
          "identity_schema_version": 0,
          "private": "eyJlMmJmYjczMC1lY2FhLTExZTYtOGY4OC0zNDM2M2JjN2M0YzAiOnsiY3JlYXRlIjoxODAwMDAwMDAwMDAwLCJkZWxldGUiOjE4MDAwMDAwMDAwMDAsInJlYWQiOjMwMDAwMDAwMDAwMCwidXBkYXRlIjoxODAwMDAwMDAwMDAwfX0=",
          "dependencies": [
            "module.management_groups.azurerm_management_group.parent"
          ]
        },
        {
          "index_key": "corp",
          "schema_version": 0,
          "attributes": {
            "display_name": "Corp",
            "id": "/providers/Microsoft.Management/managementGroups/corp",
            "name": "corp",
            "parent_management_group_id": "/providers/Microsoft.Management/managementGroups/landing-zones",
            "subscription_ids": [],
            "tenant_scoped_id": "/tenants/e8125987-f066-46c2-bc71-bec9d8d3aef5/providers/Microsoft.Management/managementGroups/corp",
            "timeouts": null
          },
          "sensitive_attributes": [],
          "identity_schema_version": 0,
          "private": "eyJlMmJmYjczMC1lY2FhLTExZTYtOGY4OC0zNDM2M2JjN2M0YzAiOnsiY3JlYXRlIjoxODAwMDAwMDAwMDAwLCJkZWxldGUiOjE4MDAwMDAwMDAwMDAsInJlYWQiOjMwMDAwMDAwMDAwMCwidXBkYXRlIjoxODAwMDAwMDAwMDAwfX0=",
          "dependencies": [
            "module.management_groups.azurerm_management_group.parent"
          ]
        },
        {
          "index_key": "identity",
          "schema_version": 0,
          "attributes": {
            "display_name": "Identity",
            "id": "/providers/Microsoft.Management/managementGroups/identity",
            "name": "identity",
            "parent_management_group_id": "/providers/Microsoft.Management/managementGroups/platform",
            "subscription_ids": [],
            "tenant_scoped_id": "/tenants/e8125987-f066-46c2-bc71-bec9d8d3aef5/providers/Microsoft.Management/managementGroups/identity",
            "timeouts": null
          },
          "sensitive_attributes": [],
          "identity_schema_version": 0,
          "private": "eyJlMmJmYjczMC1lY2FhLTExZTYtOGY4OC0zNDM2M2JjN2M0YzAiOnsiY3JlYXRlIjoxODAwMDAwMDAwMDAwLCJkZWxldGUiOjE4MDAwMDAwMDAwMDAsInJlYWQiOjMwMDAwMDAwMDAwMCwidXBkYXRlIjoxODAwMDAwMDAwMDAwfX0=",
          "dependencies": [
            "module.management_groups.azurerm_management_group.parent"
          ]
        },
        {
          "index_key": "management",
          "schema_version": 0,
          "attributes": {
            "display_name": "Management",
            "id": "/providers/Microsoft.Management/managementGroups/management",
            "name": "management",
            "parent_management_group_id": "/providers/Microsoft.Management/managementGroups/platform",
            "subscription_ids": [],
            "tenant_scoped_id": "/tenants/e8125987-f066-46c2-bc71-bec9d8d3aef5/providers/Microsoft.Management/managementGroups/management",
            "timeouts": null
          },
          "sensitive_attributes": [],
          "identity_schema_version": 0,
          "private": "eyJlMmJmYjczMC1lY2FhLTExZTYtOGY4OC0zNDM2M2JjN2M0YzAiOnsiY3JlYXRlIjoxODAwMDAwMDAwMDAwLCJkZWxldGUiOjE4MDAwMDAwMDAwMDAsInJlYWQiOjMwMDAwMDAwMDAwMCwidXBkYXRlIjoxODAwMDAwMDAwMDAwfX0=",
          "dependencies": [
            "module.management_groups.azurerm_management_group.parent"
          ]
        },
        {
          "index_key": "online",
          "schema_version": 0,
          "attributes": {
            "display_name": "Online",
            "id": "/providers/Microsoft.Management/managementGroups/online",
            "name": "online",
            "parent_management_group_id": "/providers/Microsoft.Management/managementGroups/landing-zones",
            "subscription_ids": [],
            "tenant_scoped_id": "/tenants/e8125987-f066-46c2-bc71-bec9d8d3aef5/providers/Microsoft.Management/managementGroups/online",
            "timeouts": null
          },
          "sensitive_attributes": [],
          "identity_schema_version": 0,
          "private": "eyJlMmJmYjczMC1lY2FhLTExZTYtOGY4OC0zNDM2M2JjN2M0YzAiOnsiY3JlYXRlIjoxODAwMDAwMDAwMDAwLCJkZWxldGUiOjE4MDAwMDAwMDAwMDAsInJlYWQiOjMwMDAwMDAwMDAwMCwidXBkYXRlIjoxODAwMDAwMDAwMDAwfX0=",
          "dependencies": [
            "module.management_groups.azurerm_management_group.parent"
          ]
        }
      ]
    },
    {
      "module": "module.management_groups",
      "mode": "managed",
      "type": "azurerm_management_group",
      "name": "parent",
      "provider": "provider[\"registry.terraform.io/hashicorp/azurerm\"]",
      "instances": [
        {
          "index_key": "decommissioned",
          "schema_version": 0,
          "attributes": {
            "display_name": "Decommissioned",
            "id": "/providers/Microsoft.Management/managementGroups/decommissioned",
            "name": "decommissioned",
            "parent_management_group_id": "/providers/Microsoft.Management/managementGroups/e8125987-f066-46c2-bc71-bec9d8d3aef5",
            "subscription_ids": [],
            "tenant_scoped_id": "/tenants/e8125987-f066-46c2-bc71-bec9d8d3aef5/providers/Microsoft.Management/managementGroups/decommissioned",
            "timeouts": null
          },
          "sensitive_attributes": [],
          "identity_schema_version": 0,
          "private": "eyJlMmJmYjczMC1lY2FhLTExZTYtOGY4OC0zNDM2M2JjN2M0YzAiOnsiY3JlYXRlIjoxODAwMDAwMDAwMDAwLCJkZWxldGUiOjE4MDAwMDAwMDAwMDAsInJlYWQiOjMwMDAwMDAwMDAwMCwidXBkYXRlIjoxODAwMDAwMDAwMDAwfX0="
        },
        {
          "index_key": "landing-zones",
          "schema_version": 0,
          "attributes": {
            "display_name": "Landing Zones",
            "id": "/providers/Microsoft.Management/managementGroups/landing-zones",
            "name": "landing-zones",
            "parent_management_group_id": "/providers/Microsoft.Management/managementGroups/e8125987-f066-46c2-bc71-bec9d8d3aef5",
            "subscription_ids": [],
            "tenant_scoped_id": "/tenants/e8125987-f066-46c2-bc71-bec9d8d3aef5/providers/Microsoft.Management/managementGroups/landing-zones",
            "timeouts": null
          },
          "sensitive_attributes": [],
          "identity_schema_version": 0,
          "private": "eyJlMmJmYjczMC1lY2FhLTExZTYtOGY4OC0zNDM2M2JjN2M0YzAiOnsiY3JlYXRlIjoxODAwMDAwMDAwMDAwLCJkZWxldGUiOjE4MDAwMDAwMDAwMDAsInJlYWQiOjMwMDAwMDAwMDAwMCwidXBkYXRlIjoxODAwMDAwMDAwMDAwfX0="
        },
        {
          "index_key": "platform",
          "schema_version": 0,
          "attributes": {
            "display_name": "Platform",
            "id": "/providers/Microsoft.Management/managementGroups/platform",
            "name": "platform",
            "parent_management_group_id": "/providers/Microsoft.Management/managementGroups/e8125987-f066-46c2-bc71-bec9d8d3aef5",
            "subscription_ids": [],
            "tenant_scoped_id": "/tenants/e8125987-f066-46c2-bc71-bec9d8d3aef5/providers/Microsoft.Management/managementGroups/platform",
            "timeouts": null
          },
          "sensitive_attributes": [],
          "identity_schema_version": 0,
          "private": "eyJlMmJmYjczMC1lY2FhLTExZTYtOGY4OC0zNDM2M2JjN2M0YzAiOnsiY3JlYXRlIjoxODAwMDAwMDAwMDAwLCJkZWxldGUiOjE4MDAwMDAwMDAwMDAsInJlYWQiOjMwMDAwMDAwMDAwMCwidXBkYXRlIjoxODAwMDAwMDAwMDAwfX0="
        },
        {
          "index_key": "sandbox",
          "schema_version": 0,
          "attributes": {
            "display_name": "Sandbox",
            "id": "/providers/Microsoft.Management/managementGroups/sandbox",
            "name": "sandbox",
            "parent_management_group_id": "/providers/Microsoft.Management/managementGroups/e8125987-f066-46c2-bc71-bec9d8d3aef5",
            "subscription_ids": [],
            "tenant_scoped_id": "/tenants/e8125987-f066-46c2-bc71-bec9d8d3aef5/providers/Microsoft.Management/managementGroups/sandbox",
            "timeouts": null
          },
          "sensitive_attributes": [],
          "identity_schema_version": 0,
          "private": "eyJlMmJmYjczMC1lY2FhLTExZTYtOGY4OC0zNDM2M2JjN2M0YzAiOnsiY3JlYXRlIjoxODAwMDAwMDAwMDAwLCJkZWxldGUiOjE4MDAwMDAwMDAwMDAsInJlYWQiOjMwMDAwMDAwMDAwMCwidXBkYXRlIjoxODAwMDAwMDAwMDAwfX0="
        }
      ]
    },
    {
      "module": "module.monitoring",
      "mode": "data",
      "type": "azurerm_subscription",
      "name": "current",
      "provider": "provider[\"registry.terraform.io/hashicorp/azurerm\"]",
      "instances": [
        {
          "schema_version": 0,
          "attributes": {
            "display_name": "mohamedtaoufikSub",
            "id": "/subscriptions/99b9471d-fb1f-4dc7-a739-203a486d9310",
            "location_placement_id": "Public_2014-09-01",
            "quota_id": "FreeTrial_2014-09-01",
            "spending_limit": "On",
            "state": "Enabled",
            "subscription_id": "99b9471d-fb1f-4dc7-a739-203a486d9310",
            "tags": {},
            "tenant_id": "e8125987-f066-46c2-bc71-bec9d8d3aef5",
            "timeouts": null
          },
          "sensitive_attributes": [],
          "identity_schema_version": 0
        }
      ]
    },
    {
      "module": "module.monitoring",
      "mode": "managed",
      "type": "azurerm_application_insights",
      "name": "main",
      "provider": "provider[\"registry.terraform.io/hashicorp/azurerm\"]",
      "instances": [
        {
          "schema_version": 2,
          "attributes": {
            "app_id": "f107dede-dceb-4c4c-b52f-479b46443bc9",
            "application_type": "web",
            "connection_string": "InstrumentationKey=e585373b-c385-4f3e-bd6e-60661634baf1;IngestionEndpoint=https://westeurope-5.in.applicationinsights.azure.com/;LiveEndpoint=https://westeurope.livediagnostics.monitor.azure.com/;ApplicationId=f107dede-dceb-4c4c-b52f-479b46443bc9",
            "daily_data_cap_in_gb": 100,
            "daily_data_cap_notifications_disabled": false,
            "disable_ip_masking": false,
            "force_customer_storage_for_profiler": false,
            "id": "/subscriptions/99b9471d-fb1f-4dc7-a739-203a486d9310/resourceGroups/rg-monitoring-prod/providers/Microsoft.Insights/components/appinsights-prod",
            "instrumentation_key": "e585373b-c385-4f3e-bd6e-60661634baf1",
            "internet_ingestion_enabled": true,
            "internet_query_enabled": true,
            "local_authentication_disabled": false,
            "location": "westeurope",
            "name": "appinsights-prod",
            "resource_group_name": "rg-monitoring-prod",
            "retention_in_days": 90,
            "sampling_percentage": 100,
            "tags": {
              "CostCenter": "IT-Platform",
              "Deployment": "PowerShell-Bootstrap",
              "Environment": "prod",
              "ManagedBy": "Terraform",
              "Project": "Platform Landing Zone"
            },
            "timeouts": null,
            "workspace_id": "/subscriptions/99b9471d-fb1f-4dc7-a739-203a486d9310/resourceGroups/rg-monitoring-prod/providers/Microsoft.OperationalInsights/workspaces/law-platform-prod-8jsr5b"
          },
          "sensitive_attributes": [
            [
              {
                "type": "get_attr",
                "value": "connection_string"
              }
            ],
            [
              {
                "type": "get_attr",
                "value": "instrumentation_key"
              }
            ]
          ],
          "identity_schema_version": 0,
          "identity": {
            "name": "appinsights-prod",
            "resource_group_name": "rg-monitoring-prod",
            "subscription_id": "99b9471d-fb1f-4dc7-a739-203a486d9310"
          },
          "private": "eyJlMmJmYjczMC1lY2FhLTExZTYtOGY4OC0zNDM2M2JjN2M0YzAiOnsiY3JlYXRlIjozNjAwMDAwMDAwMDAwLCJkZWxldGUiOjE4MDAwMDAwMDAwMDAsInJlYWQiOjMwMDAwMDAwMDAwMCwidXBkYXRlIjoxODAwMDAwMDAwMDAwfSwic2NoZW1hX3ZlcnNpb24iOiIyIn0=",
          "dependencies": [
            "module.monitoring.azurerm_log_analytics_workspace.main",
            "module.monitoring.azurerm_resource_group.monitoring",
            "random_string.suffix"
          ]
        }
      ]
    },
    {
      "module": "module.monitoring",
      "mode": "managed",
      "type": "azurerm_log_analytics_workspace",
      "name": "main",
      "provider": "provider[\"registry.terraform.io/hashicorp/azurerm\"]",
      "instances": [
        {
          "schema_version": 3,
          "attributes": {
            "allow_resource_only_permissions": true,
            "cmk_for_query_forced": false,
            "daily_quota_gb": -1,
            "data_collection_rule_id": "",
            "id": "/subscriptions/99b9471d-fb1f-4dc7-a739-203a486d9310/resourceGroups/rg-monitoring-prod/providers/Microsoft.OperationalInsights/workspaces/law-platform-prod-8jsr5b",
            "identity": [],
            "immediate_data_purge_on_30_days_enabled": false,
            "internet_ingestion_enabled": true,
            "internet_query_enabled": true,
            "local_authentication_disabled": false,
            "local_authentication_enabled": true,
            "location": "westeurope",
            "name": "law-platform-prod-8jsr5b",
            "primary_shared_key": "1uO0Hbfdqun3yaqlWMi+RifdjZWG86HJQg/40FTt2x3pDCon66TC/oy06r0gcl8eDlESS6kkiB3kjTmHlXU30w==",
            "reservation_capacity_in_gb_per_day": null,
            "resource_group_name": "rg-monitoring-prod",
            "retention_in_days": 365,
            "secondary_shared_key": "l79N3J79q2Yt0BLatyDtLIx3pmIOLNwB04BOP5lUDNAB+2dHz++3aqoQjoJgYDpolNjCv49xMMJCW+6B6biMhQ==",
            "sku": "PerGB2018",
            "tags": {
              "CostCenter": "IT-Platform",
              "Deployment": "PowerShell-Bootstrap",
              "Environment": "prod",
              "ManagedBy": "Terraform",
              "Project": "Platform Landing Zone"
            },
            "timeouts": null,
            "workspace_id": "bc3910dd-d2c0-410f-b223-9b21b03b1bb9"
          },
          "sensitive_attributes": [
            [
              {
                "type": "get_attr",
                "value": "primary_shared_key"
              }
            ],
            [
              {
                "type": "get_attr",
                "value": "secondary_shared_key"
              }
            ]
          ],
          "identity_schema_version": 0,
          "private": "eyJlMmJmYjczMC1lY2FhLTExZTYtOGY4OC0zNDM2M2JjN2M0YzAiOnsiY3JlYXRlIjoxODAwMDAwMDAwMDAwLCJkZWxldGUiOjE4MDAwMDAwMDAwMDAsInJlYWQiOjMwMDAwMDAwMDAwMCwidXBkYXRlIjoxODAwMDAwMDAwMDAwfSwic2NoZW1hX3ZlcnNpb24iOiIzIn0=",
          "dependencies": [
            "module.monitoring.azurerm_resource_group.monitoring",
            "random_string.suffix"
          ]
        }
      ]
    },
    {
      "module": "module.monitoring",
      "mode": "managed",
      "type": "azurerm_monitor_action_group",
      "name": "security",
      "provider": "provider[\"registry.terraform.io/hashicorp/azurerm\"]",
      "instances": [
        {
          "schema_version": 1,
          "attributes": {
            "arm_role_receiver": [],
            "automation_runbook_receiver": [],
            "azure_app_push_receiver": [],
            "azure_function_receiver": [],
            "email_receiver": [
              {
                "email_address": "security@yourcompany.com",
                "name": "security-team",
                "use_common_alert_schema": false
              }
            ],
            "enabled": true,
            "event_hub_receiver": [],
            "id": "/subscriptions/99b9471d-fb1f-4dc7-a739-203a486d9310/resourceGroups/rg-monitoring-prod/providers/Microsoft.Insights/actionGroups/security-alerts",
            "itsm_receiver": [],
            "location": "global",
            "logic_app_receiver": [],
            "name": "security-alerts",
            "resource_group_name": "rg-monitoring-prod",
            "short_name": "sec-alert",
            "sms_receiver": [],
            "tags": {},
            "timeouts": null,
            "voice_receiver": [],
            "webhook_receiver": []
          },
          "sensitive_attributes": [
            [
              {
                "type": "get_attr",
                "value": "email_receiver"
              },
              {
                "type": "index",
                "value": {
                  "value": 0,
                  "type": "number"
                }
              },
              {
                "type": "get_attr",
                "value": "email_address"
              }
            ]
          ],
          "identity_schema_version": 0,
          "identity": {
            "name": "security-alerts",
            "resource_group_name": "rg-monitoring-prod",
            "subscription_id": "99b9471d-fb1f-4dc7-a739-203a486d9310"
          },
          "private": "eyJlMmJmYjczMC1lY2FhLTExZTYtOGY4OC0zNDM2M2JjN2M0YzAiOnsiY3JlYXRlIjoxODAwMDAwMDAwMDAwLCJkZWxldGUiOjE4MDAwMDAwMDAwMDAsInJlYWQiOjMwMDAwMDAwMDAwMCwidXBkYXRlIjoxODAwMDAwMDAwMDAwfSwic2NoZW1hX3ZlcnNpb24iOiIxIn0=",
          "dependencies": [
            "module.monitoring.azurerm_resource_group.monitoring"
          ]
        }
      ]
    },
    {
      "module": "module.monitoring",
      "mode": "managed",
      "type": "azurerm_resource_group",
      "name": "monitoring",
      "provider": "provider[\"registry.terraform.io/hashicorp/azurerm\"]",
      "instances": [
        {
          "schema_version": 0,
          "attributes": {
            "id": "/subscriptions/99b9471d-fb1f-4dc7-a739-203a486d9310/resourceGroups/rg-monitoring-prod",
            "location": "westeurope",
            "managed_by": "",
            "name": "rg-monitoring-prod",
            "tags": {
              "CostCenter": "IT-Platform",
              "Deployment": "PowerShell-Bootstrap",
              "Environment": "prod",
              "ManagedBy": "Terraform",
              "Project": "Platform Landing Zone"
            },
            "timeouts": null
          },
          "sensitive_attributes": [],
          "identity_schema_version": 0,
          "identity": {
            "name": "rg-monitoring-prod",
            "subscription_id": "99b9471d-fb1f-4dc7-a739-203a486d9310"
          },
          "private": "eyJlMmJmYjczMC1lY2FhLTExZTYtOGY4OC0zNDM2M2JjN2M0YzAiOnsiY3JlYXRlIjo1NDAwMDAwMDAwMDAwLCJkZWxldGUiOjU0MDAwMDAwMDAwMDAsInJlYWQiOjMwMDAwMDAwMDAwMCwidXBkYXRlIjo1NDAwMDAwMDAwMDAwfX0="
        }
      ]
    },
    {
      "module": "module.networking",
      "mode": "managed",
      "type": "azurerm_bastion_host",
      "name": "main",
      "provider": "provider[\"registry.terraform.io/hashicorp/azurerm\"]",
      "instances": [
        {
          "index_key": 0,
          "schema_version": 0,
          "attributes": {
            "copy_paste_enabled": true,
            "dns_name": "bst-3ba57ddb-889c-4c5f-a5e2-ffbbee23c74b.bastion.azure.com",
            "file_copy_enabled": false,
            "id": "/subscriptions/99b9471d-fb1f-4dc7-a739-203a486d9310/resourceGroups/rg-networking-prod/providers/Microsoft.Network/bastionHosts/bastion-prod",
            "ip_configuration": [
              {
                "name": "configuration",
                "public_ip_address_id": "/subscriptions/99b9471d-fb1f-4dc7-a739-203a486d9310/resourceGroups/rg-networking-prod/providers/Microsoft.Network/publicIPAddresses/pip-bastion-prod",
                "subnet_id": "/subscriptions/99b9471d-fb1f-4dc7-a739-203a486d9310/resourceGroups/rg-networking-prod/providers/Microsoft.Network/virtualNetworks/hub-vnet-prod/subnets/AzureBastionSubnet"
              }
            ],
            "ip_connect_enabled": false,
            "kerberos_enabled": false,
            "location": "westeurope",
            "name": "bastion-prod",
            "resource_group_name": "rg-networking-prod",
            "scale_units": 2,
            "session_recording_enabled": false,
            "shareable_link_enabled": false,
            "sku": "Basic",
            "tags": {
              "CostCenter": "IT-Platform",
              "Deployment": "PowerShell-Bootstrap",
              "Environment": "prod",
              "ManagedBy": "Terraform",
              "Project": "Platform Landing Zone"
            },
            "timeouts": null,
            "tunneling_enabled": false,
            "virtual_network_id": "",
            "zones": []
          },
          "sensitive_attributes": [],
          "identity_schema_version": 0,
          "identity": {
            "name": "bastion-prod",
            "resource_group_name": "rg-networking-prod",
            "subscription_id": "99b9471d-fb1f-4dc7-a739-203a486d9310"
          },
          "private": "eyJlMmJmYjczMC1lY2FhLTExZTYtOGY4OC0zNDM2M2JjN2M0YzAiOnsiY3JlYXRlIjoxODAwMDAwMDAwMDAwLCJkZWxldGUiOjE4MDAwMDAwMDAwMDAsInJlYWQiOjMwMDAwMDAwMDAwMCwidXBkYXRlIjoxODAwMDAwMDAwMDAwfX0=",
          "dependencies": [
            "module.networking.azurerm_network_ddos_protection_plan.main",
            "module.networking.azurerm_public_ip.bastion",
            "module.networking.azurerm_resource_group.networking",
            "module.networking.azurerm_subnet.hub",
            "module.networking.azurerm_virtual_network.hub"
          ]
        }
      ]
    },
    {
      "module": "module.networking",
      "mode": "managed",
      "type": "azurerm_firewall",
      "name": "main",
      "provider": "provider[\"registry.terraform.io/hashicorp/azurerm\"]",
      "instances": [
        {
          "index_key": 0,
          "schema_version": 0,
          "attributes": {
            "dns_proxy_enabled": false,
            "dns_servers": [],
            "firewall_policy_id": "",
            "id": "/subscriptions/99b9471d-fb1f-4dc7-a739-203a486d9310/resourceGroups/rg-networking-prod/providers/Microsoft.Network/azureFirewalls/fw-prod",
            "ip_configuration": [
              {
                "name": "configuration",
                "private_ip_address": "10.0.1.4",
                "public_ip_address_id": "/subscriptions/99b9471d-fb1f-4dc7-a739-203a486d9310/resourceGroups/rg-networking-prod/providers/Microsoft.Network/publicIPAddresses/pip-azure-firewall-prod",
                "subnet_id": "/subscriptions/99b9471d-fb1f-4dc7-a739-203a486d9310/resourceGroups/rg-networking-prod/providers/Microsoft.Network/virtualNetworks/hub-vnet-prod/subnets/AzureFirewallSubnet"
              }
            ],
            "location": "westeurope",
            "management_ip_configuration": [],
            "name": "fw-prod",
            "private_ip_ranges": [],
            "resource_group_name": "rg-networking-prod",
            "sku_name": "AZFW_VNet",
            "sku_tier": "Standard",
            "tags": {
              "CostCenter": "IT-Platform",
              "Deployment": "PowerShell-Bootstrap",
              "Environment": "prod",
              "ManagedBy": "Terraform",
              "Project": "Platform Landing Zone"
            },
            "threat_intel_mode": "Alert",
            "timeouts": null,
            "virtual_hub": [],
            "zones": [
              "1",
              "2",
              "3"
            ]
          },
          "sensitive_attributes": [],
          "identity_schema_version": 0,
          "identity": {
            "name": "fw-prod",
            "resource_group_name": "rg-networking-prod",
            "subscription_id": "99b9471d-fb1f-4dc7-a739-203a486d9310"
          },
          "private": "eyJlMmJmYjczMC1lY2FhLTExZTYtOGY4OC0zNDM2M2JjN2M0YzAiOnsiY3JlYXRlIjo1NDAwMDAwMDAwMDAwLCJkZWxldGUiOjU0MDAwMDAwMDAwMDAsInJlYWQiOjMwMDAwMDAwMDAwMCwidXBkYXRlIjo1NDAwMDAwMDAwMDAwfX0=",
          "dependencies": [
            "module.networking.azurerm_network_ddos_protection_plan.main",
            "module.networking.azurerm_public_ip.firewall",
            "module.networking.azurerm_resource_group.networking",
            "module.networking.azurerm_subnet.hub",
            "module.networking.azurerm_virtual_network.hub"
          ]
        }
      ]
    },
    {
      "module": "module.networking",
      "mode": "managed",
      "type": "azurerm_network_ddos_protection_plan",
      "name": "main",
      "provider": "provider[\"registry.terraform.io/hashicorp/azurerm\"]",
      "instances": []
    },
    {
      "module": "module.networking",
      "mode": "managed",
      "type": "azurerm_public_ip",
      "name": "bastion",
      "provider": "provider[\"registry.terraform.io/hashicorp/azurerm\"]",
      "instances": [
        {
          "index_key": 0,
          "schema_version": 0,
          "attributes": {
            "allocation_method": "Static",
            "ddos_protection_mode": "VirtualNetworkInherited",
            "ddos_protection_plan_id": null,
            "domain_name_label": null,
            "domain_name_label_scope": null,
            "edge_zone": "",
            "fqdn": null,
            "id": "/subscriptions/99b9471d-fb1f-4dc7-a739-203a486d9310/resourceGroups/rg-networking-prod/providers/Microsoft.Network/publicIPAddresses/pip-bastion-prod",
            "idle_timeout_in_minutes": 4,
            "ip_address": "40.74.19.4",
            "ip_tags": {},
            "ip_version": "IPv4",
            "location": "westeurope",
            "name": "pip-bastion-prod",
            "public_ip_prefix_id": null,
            "resource_group_name": "rg-networking-prod",
            "reverse_fqdn": null,
            "sku": "Standard",
            "sku_tier": "Regional",
            "tags": {
              "CostCenter": "IT-Platform",
              "Deployment": "PowerShell-Bootstrap",
              "Environment": "prod",
              "ManagedBy": "Terraform",
              "Project": "Platform Landing Zone"
            },
            "timeouts": null,
            "zones": [
              "1",
              "2",
              "3"
            ]
          },
          "sensitive_attributes": [],
          "identity_schema_version": 0,
          "identity": {
            "name": "pip-bastion-prod",
            "resource_group_name": "rg-networking-prod",
            "subscription_id": "99b9471d-fb1f-4dc7-a739-203a486d9310"
          },
          "private": "eyJlMmJmYjczMC1lY2FhLTExZTYtOGY4OC0zNDM2M2JjN2M0YzAiOnsiY3JlYXRlIjoxODAwMDAwMDAwMDAwLCJkZWxldGUiOjE4MDAwMDAwMDAwMDAsInJlYWQiOjMwMDAwMDAwMDAwMCwidXBkYXRlIjoxODAwMDAwMDAwMDAwfX0=",
          "dependencies": [
            "module.networking.azurerm_resource_group.networking"
          ]
        }
      ]
    },
    {
      "module": "module.networking",
      "mode": "managed",
      "type": "azurerm_public_ip",
      "name": "firewall",
      "provider": "provider[\"registry.terraform.io/hashicorp/azurerm\"]",
      "instances": [
        {
          "index_key": 0,
          "schema_version": 0,
          "attributes": {
            "allocation_method": "Static",
            "ddos_protection_mode": "VirtualNetworkInherited",
            "ddos_protection_plan_id": null,
            "domain_name_label": null,
            "domain_name_label_scope": null,
            "edge_zone": "",
            "fqdn": null,
            "id": "/subscriptions/99b9471d-fb1f-4dc7-a739-203a486d9310/resourceGroups/rg-networking-prod/providers/Microsoft.Network/publicIPAddresses/pip-azure-firewall-prod",
            "idle_timeout_in_minutes": 4,
            "ip_address": "108.142.47.135",
            "ip_tags": {},
            "ip_version": "IPv4",
            "location": "westeurope",
            "name": "pip-azure-firewall-prod",
            "public_ip_prefix_id": null,
            "resource_group_name": "rg-networking-prod",
            "reverse_fqdn": null,
            "sku": "Standard",
            "sku_tier": "Regional",
            "tags": {
              "CostCenter": "IT-Platform",
              "Deployment": "PowerShell-Bootstrap",
              "Environment": "prod",
              "ManagedBy": "Terraform",
              "Project": "Platform Landing Zone"
            },
            "timeouts": null,
            "zones": [
              "1",
              "2",
              "3"
            ]
          },
          "sensitive_attributes": [],
          "identity_schema_version": 0,
          "identity": {
            "name": "pip-azure-firewall-prod",
            "resource_group_name": "rg-networking-prod",
            "subscription_id": "99b9471d-fb1f-4dc7-a739-203a486d9310"
          },
          "private": "eyJlMmJmYjczMC1lY2FhLTExZTYtOGY4OC0zNDM2M2JjN2M0YzAiOnsiY3JlYXRlIjoxODAwMDAwMDAwMDAwLCJkZWxldGUiOjE4MDAwMDAwMDAwMDAsInJlYWQiOjMwMDAwMDAwMDAwMCwidXBkYXRlIjoxODAwMDAwMDAwMDAwfX0=",
          "dependencies": [
            "module.networking.azurerm_resource_group.networking"
          ]
        }
      ]
    },
    {
      "module": "module.networking",
      "mode": "managed",
      "type": "azurerm_resource_group",
      "name": "networking",
      "provider": "provider[\"registry.terraform.io/hashicorp/azurerm\"]",
      "instances": [
        {
          "schema_version": 0,
          "attributes": {
            "id": "/subscriptions/99b9471d-fb1f-4dc7-a739-203a486d9310/resourceGroups/rg-networking-prod",
            "location": "westeurope",
            "managed_by": "",
            "name": "rg-networking-prod",
            "tags": {
              "CostCenter": "IT-Platform",
              "Deployment": "PowerShell-Bootstrap",
              "Environment": "prod",
              "ManagedBy": "Terraform",
              "Project": "Platform Landing Zone"
            },
            "timeouts": null
          },
          "sensitive_attributes": [],
          "identity_schema_version": 0,
          "identity": {
            "name": "rg-networking-prod",
            "subscription_id": "99b9471d-fb1f-4dc7-a739-203a486d9310"
          },
          "private": "eyJlMmJmYjczMC1lY2FhLTExZTYtOGY4OC0zNDM2M2JjN2M0YzAiOnsiY3JlYXRlIjo1NDAwMDAwMDAwMDAwLCJkZWxldGUiOjU0MDAwMDAwMDAwMDAsInJlYWQiOjMwMDAwMDAwMDAwMCwidXBkYXRlIjo1NDAwMDAwMDAwMDAwfX0="
        }
      ]
    },
    {
      "module": "module.networking",
      "mode": "managed",
      "type": "azurerm_route_table",
      "name": "spoke",
      "provider": "provider[\"registry.terraform.io/hashicorp/azurerm\"]",
      "instances": [
        {
          "index_key": "corp",
          "schema_version": 0,
          "attributes": {
            "bgp_route_propagation_enabled": true,
            "id": "/subscriptions/99b9471d-fb1f-4dc7-a739-203a486d9310/resourceGroups/rg-networking-prod/providers/Microsoft.Network/routeTables/rt-corp-to-firewall",
            "location": "westeurope",
            "name": "rt-corp-to-firewall",
            "resource_group_name": "rg-networking-prod",
            "route": [
              {
                "address_prefix": "0.0.0.0/0",
                "name": "default-route",
                "next_hop_in_ip_address": "10.0.1.4",
                "next_hop_type": "VirtualAppliance"
              }
            ],
            "subnets": [
              "/subscriptions/99b9471d-fb1f-4dc7-a739-203a486d9310/resourceGroups/rg-networking-prod/providers/Microsoft.Network/virtualNetworks/corp-spoke-vnet-prod/subnets/App",
              "/subscriptions/99b9471d-fb1f-4dc7-a739-203a486d9310/resourceGroups/rg-networking-prod/providers/Microsoft.Network/virtualNetworks/corp-spoke-vnet-prod/subnets/Data",
              "/subscriptions/99b9471d-fb1f-4dc7-a739-203a486d9310/resourceGroups/rg-networking-prod/providers/Microsoft.Network/virtualNetworks/corp-spoke-vnet-prod/subnets/Workloads"
            ],
            "tags": {
              "CostCenter": "IT-Platform",
              "Deployment": "PowerShell-Bootstrap",
              "Environment": "prod",
              "ManagedBy": "Terraform",
              "Project": "Platform Landing Zone"
            },
            "timeouts": null
          },
          "sensitive_attributes": [],
          "identity_schema_version": 0,
          "identity": {
            "name": "rt-corp-to-firewall",
            "resource_group_name": "rg-networking-prod",
            "subscription_id": "99b9471d-fb1f-4dc7-a739-203a486d9310"
          },
          "private": "eyJlMmJmYjczMC1lY2FhLTExZTYtOGY4OC0zNDM2M2JjN2M0YzAiOnsiY3JlYXRlIjoxODAwMDAwMDAwMDAwLCJkZWxldGUiOjE4MDAwMDAwMDAwMDAsInJlYWQiOjMwMDAwMDAwMDAwMCwidXBkYXRlIjoxODAwMDAwMDAwMDAwfX0=",
          "dependencies": [
            "module.networking.azurerm_firewall.main",
            "module.networking.azurerm_network_ddos_protection_plan.main",
            "module.networking.azurerm_public_ip.firewall",
            "module.networking.azurerm_resource_group.networking",
            "module.networking.azurerm_subnet.hub",
            "module.networking.azurerm_virtual_network.hub"
          ]
        },
        {
          "index_key": "online",
          "schema_version": 0,
          "attributes": {
            "bgp_route_propagation_enabled": true,
            "id": "/subscriptions/99b9471d-fb1f-4dc7-a739-203a486d9310/resourceGroups/rg-networking-prod/providers/Microsoft.Network/routeTables/rt-online-to-firewall",
            "location": "westeurope",
            "name": "rt-online-to-firewall",
            "resource_group_name": "rg-networking-prod",
            "route": [
              {
                "address_prefix": "0.0.0.0/0",
                "name": "default-route",
                "next_hop_in_ip_address": "10.0.1.4",
                "next_hop_type": "VirtualAppliance"
              }
            ],
            "subnets": [
              "/subscriptions/99b9471d-fb1f-4dc7-a739-203a486d9310/resourceGroups/rg-networking-prod/providers/Microsoft.Network/virtualNetworks/online-spoke-vnet-prod/subnets/App",
              "/subscriptions/99b9471d-fb1f-4dc7-a739-203a486d9310/resourceGroups/rg-networking-prod/providers/Microsoft.Network/virtualNetworks/online-spoke-vnet-prod/subnets/DB",
              "/subscriptions/99b9471d-fb1f-4dc7-a739-203a486d9310/resourceGroups/rg-networking-prod/providers/Microsoft.Network/virtualNetworks/online-spoke-vnet-prod/subnets/Web"
            ],
            "tags": {
              "CostCenter": "IT-Platform",
              "Deployment": "PowerShell-Bootstrap",
              "Environment": "prod",
              "ManagedBy": "Terraform",
              "Project": "Platform Landing Zone"
            },
            "timeouts": null
          },
          "sensitive_attributes": [],
          "identity_schema_version": 0,
          "identity": {
            "name": "rt-online-to-firewall",
            "resource_group_name": "rg-networking-prod",
            "subscription_id": "99b9471d-fb1f-4dc7-a739-203a486d9310"
          },
          "private": "eyJlMmJmYjczMC1lY2FhLTExZTYtOGY4OC0zNDM2M2JjN2M0YzAiOnsiY3JlYXRlIjoxODAwMDAwMDAwMDAwLCJkZWxldGUiOjE4MDAwMDAwMDAwMDAsInJlYWQiOjMwMDAwMDAwMDAwMCwidXBkYXRlIjoxODAwMDAwMDAwMDAwfX0=",
          "dependencies": [
            "module.networking.azurerm_firewall.main",
            "module.networking.azurerm_network_ddos_protection_plan.main",
            "module.networking.azurerm_public_ip.firewall",
            "module.networking.azurerm_resource_group.networking",
            "module.networking.azurerm_subnet.hub",
            "module.networking.azurerm_virtual_network.hub"
          ]
        }
      ]
    },
    {
      "module": "module.networking",
      "mode": "managed",
      "type": "azurerm_subnet",
      "name": "hub",
      "provider": "provider[\"registry.terraform.io/hashicorp/azurerm\"]",
      "instances": [
        {
          "index_key": "AzureBastionSubnet",
          "schema_version": 0,
          "attributes": {
            "address_prefixes": [
              "10.0.2.0/24"
            ],
            "default_outbound_access_enabled": true,
            "delegation": [],
            "id": "/subscriptions/99b9471d-fb1f-4dc7-a739-203a486d9310/resourceGroups/rg-networking-prod/providers/Microsoft.Network/virtualNetworks/hub-vnet-prod/subnets/AzureBastionSubnet",
            "ip_address_pool": [],
            "name": "AzureBastionSubnet",
            "private_endpoint_network_policies": "Disabled",
            "private_link_service_network_policies_enabled": true,
            "resource_group_name": "rg-networking-prod",
            "service_endpoint_policy_ids": [],
            "service_endpoints": [],
            "sharing_scope": "",
            "timeouts": null,
            "virtual_network_name": "hub-vnet-prod"
          },
          "sensitive_attributes": [],
          "identity_schema_version": 0,
          "identity": {
            "name": "AzureBastionSubnet",
            "resource_group_name": "rg-networking-prod",
            "subscription_id": "99b9471d-fb1f-4dc7-a739-203a486d9310",
            "virtual_network_name": "hub-vnet-prod"
          },
          "private": "eyJlMmJmYjczMC1lY2FhLTExZTYtOGY4OC0zNDM2M2JjN2M0YzAiOnsiY3JlYXRlIjoxODAwMDAwMDAwMDAwLCJkZWxldGUiOjE4MDAwMDAwMDAwMDAsInJlYWQiOjMwMDAwMDAwMDAwMCwidXBkYXRlIjoxODAwMDAwMDAwMDAwfX0=",
          "dependencies": [
            "module.networking.azurerm_network_ddos_protection_plan.main",
            "module.networking.azurerm_resource_group.networking",
            "module.networking.azurerm_virtual_network.hub"
          ]
        },
        {
          "index_key": "AzureFirewallSubnet",
          "schema_version": 0,
          "attributes": {
            "address_prefixes": [
              "10.0.1.0/24"
            ],
            "default_outbound_access_enabled": true,
            "delegation": [],
            "id": "/subscriptions/99b9471d-fb1f-4dc7-a739-203a486d9310/resourceGroups/rg-networking-prod/providers/Microsoft.Network/virtualNetworks/hub-vnet-prod/subnets/AzureFirewallSubnet",
            "ip_address_pool": [],
            "name": "AzureFirewallSubnet",
            "private_endpoint_network_policies": "Disabled",
            "private_link_service_network_policies_enabled": true,
            "resource_group_name": "rg-networking-prod",
            "service_endpoint_policy_ids": [],
            "service_endpoints": [],
            "sharing_scope": "",
            "timeouts": null,
            "virtual_network_name": "hub-vnet-prod"
          },
          "sensitive_attributes": [],
          "identity_schema_version": 0,
          "identity": {
            "name": "AzureFirewallSubnet",
            "resource_group_name": "rg-networking-prod",
            "subscription_id": "99b9471d-fb1f-4dc7-a739-203a486d9310",
            "virtual_network_name": "hub-vnet-prod"
          },
          "private": "eyJlMmJmYjczMC1lY2FhLTExZTYtOGY4OC0zNDM2M2JjN2M0YzAiOnsiY3JlYXRlIjoxODAwMDAwMDAwMDAwLCJkZWxldGUiOjE4MDAwMDAwMDAwMDAsInJlYWQiOjMwMDAwMDAwMDAwMCwidXBkYXRlIjoxODAwMDAwMDAwMDAwfX0=",
          "dependencies": [
            "module.networking.azurerm_network_ddos_protection_plan.main",
            "module.networking.azurerm_resource_group.networking",
            "module.networking.azurerm_virtual_network.hub"
          ]
        },
        {
          "index_key": "GatewaySubnet",
          "schema_version": 0,
          "attributes": {
            "address_prefixes": [
              "10.0.3.0/24"
            ],
            "default_outbound_access_enabled": true,
            "delegation": [],
            "id": "/subscriptions/99b9471d-fb1f-4dc7-a739-203a486d9310/resourceGroups/rg-networking-prod/providers/Microsoft.Network/virtualNetworks/hub-vnet-prod/subnets/GatewaySubnet",
            "ip_address_pool": [],
            "name": "GatewaySubnet",
            "private_endpoint_network_policies": "Disabled",
            "private_link_service_network_policies_enabled": true,
            "resource_group_name": "rg-networking-prod",
            "service_endpoint_policy_ids": [],
            "service_endpoints": [],
            "sharing_scope": "",
            "timeouts": null,
            "virtual_network_name": "hub-vnet-prod"
          },
          "sensitive_attributes": [],
          "identity_schema_version": 0,
          "identity": {
            "name": "GatewaySubnet",
            "resource_group_name": "rg-networking-prod",
            "subscription_id": "99b9471d-fb1f-4dc7-a739-203a486d9310",
            "virtual_network_name": "hub-vnet-prod"
          },
          "private": "eyJlMmJmYjczMC1lY2FhLTExZTYtOGY4OC0zNDM2M2JjN2M0YzAiOnsiY3JlYXRlIjoxODAwMDAwMDAwMDAwLCJkZWxldGUiOjE4MDAwMDAwMDAwMDAsInJlYWQiOjMwMDAwMDAwMDAwMCwidXBkYXRlIjoxODAwMDAwMDAwMDAwfX0=",
          "dependencies": [
            "module.networking.azurerm_network_ddos_protection_plan.main",
            "module.networking.azurerm_resource_group.networking",
            "module.networking.azurerm_virtual_network.hub"
          ]
        },
        {
          "index_key": "Management",
          "schema_version": 0,
          "attributes": {
            "address_prefixes": [
              "10.0.4.0/24"
            ],
            "default_outbound_access_enabled": true,
            "delegation": [],
            "id": "/subscriptions/99b9471d-fb1f-4dc7-a739-203a486d9310/resourceGroups/rg-networking-prod/providers/Microsoft.Network/virtualNetworks/hub-vnet-prod/subnets/Management",
            "ip_address_pool": [],
            "name": "Management",
            "private_endpoint_network_policies": "Disabled",
            "private_link_service_network_policies_enabled": true,
            "resource_group_name": "rg-networking-prod",
            "service_endpoint_policy_ids": [],
            "service_endpoints": [
              "Microsoft.KeyVault",
              "Microsoft.Storage"
            ],
            "sharing_scope": "",
            "timeouts": null,
            "virtual_network_name": "hub-vnet-prod"
          },
          "sensitive_attributes": [],
          "identity_schema_version": 0,
          "identity": {
            "name": "Management",
            "resource_group_name": "rg-networking-prod",
            "subscription_id": "99b9471d-fb1f-4dc7-a739-203a486d9310",
            "virtual_network_name": "hub-vnet-prod"
          },
          "private": "eyJlMmJmYjczMC1lY2FhLTExZTYtOGY4OC0zNDM2M2JjN2M0YzAiOnsiY3JlYXRlIjoxODAwMDAwMDAwMDAwLCJkZWxldGUiOjE4MDAwMDAwMDAwMDAsInJlYWQiOjMwMDAwMDAwMDAwMCwidXBkYXRlIjoxODAwMDAwMDAwMDAwfX0=",
          "dependencies": [
            "module.networking.azurerm_network_ddos_protection_plan.main",
            "module.networking.azurerm_resource_group.networking",
            "module.networking.azurerm_virtual_network.hub"
          ]
        },
        {
          "index_key": "SharedServices",
          "schema_version": 0,
          "attributes": {
            "address_prefixes": [
              "10.0.5.0/24"
            ],
            "default_outbound_access_enabled": true,
            "delegation": [],
            "id": "/subscriptions/99b9471d-fb1f-4dc7-a739-203a486d9310/resourceGroups/rg-networking-prod/providers/Microsoft.Network/virtualNetworks/hub-vnet-prod/subnets/SharedServices",
            "ip_address_pool": [],
            "name": "SharedServices",
            "private_endpoint_network_policies": "Disabled",
            "private_link_service_network_policies_enabled": true,
            "resource_group_name": "rg-networking-prod",
            "service_endpoint_policy_ids": [],
            "service_endpoints": [
              "Microsoft.Storage"
            ],
            "sharing_scope": "",
            "timeouts": null,
            "virtual_network_name": "hub-vnet-prod"
          },
          "sensitive_attributes": [],
          "identity_schema_version": 0,
          "identity": {
            "name": "SharedServices",
            "resource_group_name": "rg-networking-prod",
            "subscription_id": "99b9471d-fb1f-4dc7-a739-203a486d9310",
            "virtual_network_name": "hub-vnet-prod"
          },
          "private": "eyJlMmJmYjczMC1lY2FhLTExZTYtOGY4OC0zNDM2M2JjN2M0YzAiOnsiY3JlYXRlIjoxODAwMDAwMDAwMDAwLCJkZWxldGUiOjE4MDAwMDAwMDAwMDAsInJlYWQiOjMwMDAwMDAwMDAwMCwidXBkYXRlIjoxODAwMDAwMDAwMDAwfX0=",
          "dependencies": [
            "module.networking.azurerm_network_ddos_protection_plan.main",
            "module.networking.azurerm_resource_group.networking",
            "module.networking.azurerm_virtual_network.hub"
          ]
        }
      ]
    },
    {
      "module": "module.networking",
      "mode": "managed",
      "type": "azurerm_subnet",
      "name": "spoke",
      "provider": "provider[\"registry.terraform.io/hashicorp/azurerm\"]",
      "instances": [
        {
          "index_key": "corp-App",
          "schema_version": 0,
          "attributes": {
            "address_prefixes": [
              "10.1.3.0/24"
            ],
            "default_outbound_access_enabled": true,
            "delegation": [],
            "id": "/subscriptions/99b9471d-fb1f-4dc7-a739-203a486d9310/resourceGroups/rg-networking-prod/providers/Microsoft.Network/virtualNetworks/corp-spoke-vnet-prod/subnets/App",
            "ip_address_pool": [],
            "name": "App",
            "private_endpoint_network_policies": "Disabled",
            "private_link_service_network_policies_enabled": true,
            "resource_group_name": "rg-networking-prod",
            "service_endpoint_policy_ids": [],
            "service_endpoints": [
              "Microsoft.Storage"
            ],
            "sharing_scope": "",
            "timeouts": null,
            "virtual_network_name": "corp-spoke-vnet-prod"
          },
          "sensitive_attributes": [],
          "identity_schema_version": 0,
          "identity": {
            "name": "App",
            "resource_group_name": "rg-networking-prod",
            "subscription_id": "99b9471d-fb1f-4dc7-a739-203a486d9310",
            "virtual_network_name": "corp-spoke-vnet-prod"
          },
          "private": "eyJlMmJmYjczMC1lY2FhLTExZTYtOGY4OC0zNDM2M2JjN2M0YzAiOnsiY3JlYXRlIjoxODAwMDAwMDAwMDAwLCJkZWxldGUiOjE4MDAwMDAwMDAwMDAsInJlYWQiOjMwMDAwMDAwMDAwMCwidXBkYXRlIjoxODAwMDAwMDAwMDAwfX0=",
          "dependencies": [
            "module.networking.azurerm_resource_group.networking",
            "module.networking.azurerm_virtual_network.spoke"
          ]
        },
        {
          "index_key": "corp-Data",
          "schema_version": 0,
          "attributes": {
            "address_prefixes": [
              "10.1.2.0/24"
            ],
            "default_outbound_access_enabled": true,
            "delegation": [],
            "id": "/subscriptions/99b9471d-fb1f-4dc7-a739-203a486d9310/resourceGroups/rg-networking-prod/providers/Microsoft.Network/virtualNetworks/corp-spoke-vnet-prod/subnets/Data",
            "ip_address_pool": [],
            "name": "Data",
            "private_endpoint_network_policies": "Disabled",
            "private_link_service_network_policies_enabled": true,
            "resource_group_name": "rg-networking-prod",
            "service_endpoint_policy_ids": [],
            "service_endpoints": [
              "Microsoft.Sql",
              "Microsoft.Storage"
            ],
            "sharing_scope": "",
            "timeouts": null,
            "virtual_network_name": "corp-spoke-vnet-prod"
          },
          "sensitive_attributes": [],
          "identity_schema_version": 0,
          "identity": {
            "name": "Data",
            "resource_group_name": "rg-networking-prod",
            "subscription_id": "99b9471d-fb1f-4dc7-a739-203a486d9310",
            "virtual_network_name": "corp-spoke-vnet-prod"
          },
          "private": "eyJlMmJmYjczMC1lY2FhLTExZTYtOGY4OC0zNDM2M2JjN2M0YzAiOnsiY3JlYXRlIjoxODAwMDAwMDAwMDAwLCJkZWxldGUiOjE4MDAwMDAwMDAwMDAsInJlYWQiOjMwMDAwMDAwMDAwMCwidXBkYXRlIjoxODAwMDAwMDAwMDAwfX0=",
          "dependencies": [
            "module.networking.azurerm_resource_group.networking",
            "module.networking.azurerm_virtual_network.spoke"
          ]
        },
        {
          "index_key": "corp-Workloads",
          "schema_version": 0,
          "attributes": {
            "address_prefixes": [
              "10.1.1.0/24"
            ],
            "default_outbound_access_enabled": true,
            "delegation": [],
            "id": "/subscriptions/99b9471d-fb1f-4dc7-a739-203a486d9310/resourceGroups/rg-networking-prod/providers/Microsoft.Network/virtualNetworks/corp-spoke-vnet-prod/subnets/Workloads",
            "ip_address_pool": [],
            "name": "Workloads",
            "private_endpoint_network_policies": "Disabled",
            "private_link_service_network_policies_enabled": true,
            "resource_group_name": "rg-networking-prod",
            "service_endpoint_policy_ids": [],
            "service_endpoints": [
              "Microsoft.Sql",
              "Microsoft.Storage"
            ],
            "sharing_scope": "",
            "timeouts": null,
            "virtual_network_name": "corp-spoke-vnet-prod"
          },
          "sensitive_attributes": [],
          "identity_schema_version": 0,
          "identity": {
            "name": "Workloads",
            "resource_group_name": "rg-networking-prod",
            "subscription_id": "99b9471d-fb1f-4dc7-a739-203a486d9310",
            "virtual_network_name": "corp-spoke-vnet-prod"
          },
          "private": "eyJlMmJmYjczMC1lY2FhLTExZTYtOGY4OC0zNDM2M2JjN2M0YzAiOnsiY3JlYXRlIjoxODAwMDAwMDAwMDAwLCJkZWxldGUiOjE4MDAwMDAwMDAwMDAsInJlYWQiOjMwMDAwMDAwMDAwMCwidXBkYXRlIjoxODAwMDAwMDAwMDAwfX0=",
          "dependencies": [
            "module.networking.azurerm_resource_group.networking",
            "module.networking.azurerm_virtual_network.spoke"
          ]
        },
        {
          "index_key": "online-App",
          "schema_version": 0,
          "attributes": {
            "address_prefixes": [
              "10.2.2.0/24"
            ],
            "default_outbound_access_enabled": true,
            "delegation": [],
            "id": "/subscriptions/99b9471d-fb1f-4dc7-a739-203a486d9310/resourceGroups/rg-networking-prod/providers/Microsoft.Network/virtualNetworks/online-spoke-vnet-prod/subnets/App",
            "ip_address_pool": [],
            "name": "App",
            "private_endpoint_network_policies": "Disabled",
            "private_link_service_network_policies_enabled": true,
            "resource_group_name": "rg-networking-prod",
            "service_endpoint_policy_ids": [],
            "service_endpoints": [
              "Microsoft.Storage"
            ],
            "sharing_scope": "",
            "timeouts": null,
            "virtual_network_name": "online-spoke-vnet-prod"
          },
          "sensitive_attributes": [],
          "identity_schema_version": 0,
          "identity": {
            "name": "App",
            "resource_group_name": "rg-networking-prod",
            "subscription_id": "99b9471d-fb1f-4dc7-a739-203a486d9310",
            "virtual_network_name": "online-spoke-vnet-prod"
          },
          "private": "eyJlMmJmYjczMC1lY2FhLTExZTYtOGY4OC0zNDM2M2JjN2M0YzAiOnsiY3JlYXRlIjoxODAwMDAwMDAwMDAwLCJkZWxldGUiOjE4MDAwMDAwMDAwMDAsInJlYWQiOjMwMDAwMDAwMDAwMCwidXBkYXRlIjoxODAwMDAwMDAwMDAwfX0=",
          "dependencies": [
            "module.networking.azurerm_resource_group.networking",
            "module.networking.azurerm_virtual_network.spoke"
          ]
        },
        {
          "index_key": "online-DB",
          "schema_version": 0,
          "attributes": {
            "address_prefixes": [
              "10.2.3.0/24"
            ],
            "default_outbound_access_enabled": true,
            "delegation": [],
            "id": "/subscriptions/99b9471d-fb1f-4dc7-a739-203a486d9310/resourceGroups/rg-networking-prod/providers/Microsoft.Network/virtualNetworks/online-spoke-vnet-prod/subnets/DB",
            "ip_address_pool": [],
            "name": "DB",
            "private_endpoint_network_policies": "Disabled",
            "private_link_service_network_policies_enabled": true,
            "resource_group_name": "rg-networking-prod",
            "service_endpoint_policy_ids": [],
            "service_endpoints": [
              "Microsoft.Sql"
            ],
            "sharing_scope": "",
            "timeouts": null,
            "virtual_network_name": "online-spoke-vnet-prod"
          },
          "sensitive_attributes": [],
          "identity_schema_version": 0,
          "identity": {
            "name": "DB",
            "resource_group_name": "rg-networking-prod",
            "subscription_id": "99b9471d-fb1f-4dc7-a739-203a486d9310",
            "virtual_network_name": "online-spoke-vnet-prod"
          },
          "private": "eyJlMmJmYjczMC1lY2FhLTExZTYtOGY4OC0zNDM2M2JjN2M0YzAiOnsiY3JlYXRlIjoxODAwMDAwMDAwMDAwLCJkZWxldGUiOjE4MDAwMDAwMDAwMDAsInJlYWQiOjMwMDAwMDAwMDAwMCwidXBkYXRlIjoxODAwMDAwMDAwMDAwfX0=",
          "dependencies": [
            "module.networking.azurerm_resource_group.networking",
            "module.networking.azurerm_virtual_network.spoke"
          ]
        },
        {
          "index_key": "online-Web",
          "schema_version": 0,
          "attributes": {
            "address_prefixes": [
              "10.2.1.0/24"
            ],
            "default_outbound_access_enabled": true,
            "delegation": [],
            "id": "/subscriptions/99b9471d-fb1f-4dc7-a739-203a486d9310/resourceGroups/rg-networking-prod/providers/Microsoft.Network/virtualNetworks/online-spoke-vnet-prod/subnets/Web",
            "ip_address_pool": [],
            "name": "Web",
            "private_endpoint_network_policies": "Disabled",
            "private_link_service_network_policies_enabled": true,
            "resource_group_name": "rg-networking-prod",
            "service_endpoint_policy_ids": [],
            "service_endpoints": [
              "Microsoft.Storage"
            ],
            "sharing_scope": "",
            "timeouts": null,
            "virtual_network_name": "online-spoke-vnet-prod"
          },
          "sensitive_attributes": [],
          "identity_schema_version": 0,
          "identity": {
            "name": "Web",
            "resource_group_name": "rg-networking-prod",
            "subscription_id": "99b9471d-fb1f-4dc7-a739-203a486d9310",
            "virtual_network_name": "online-spoke-vnet-prod"
          },
          "private": "eyJlMmJmYjczMC1lY2FhLTExZTYtOGY4OC0zNDM2M2JjN2M0YzAiOnsiY3JlYXRlIjoxODAwMDAwMDAwMDAwLCJkZWxldGUiOjE4MDAwMDAwMDAwMDAsInJlYWQiOjMwMDAwMDAwMDAwMCwidXBkYXRlIjoxODAwMDAwMDAwMDAwfX0=",
          "dependencies": [
            "module.networking.azurerm_resource_group.networking",
            "module.networking.azurerm_virtual_network.spoke"
          ]
        }
      ]
    },
    {
      "module": "module.networking",
      "mode": "managed",
      "type": "azurerm_subnet_route_table_association",
      "name": "spoke",
      "provider": "provider[\"registry.terraform.io/hashicorp/azurerm\"]",
      "instances": [
        {
          "index_key": "corp-App",
          "schema_version": 0,
          "attributes": {
            "id": "/subscriptions/99b9471d-fb1f-4dc7-a739-203a486d9310/resourceGroups/rg-networking-prod/providers/Microsoft.Network/virtualNetworks/corp-spoke-vnet-prod/subnets/App",
            "route_table_id": "/subscriptions/99b9471d-fb1f-4dc7-a739-203a486d9310/resourceGroups/rg-networking-prod/providers/Microsoft.Network/routeTables/rt-corp-to-firewall",
            "subnet_id": "/subscriptions/99b9471d-fb1f-4dc7-a739-203a486d9310/resourceGroups/rg-networking-prod/providers/Microsoft.Network/virtualNetworks/corp-spoke-vnet-prod/subnets/App",
            "timeouts": null
          },
          "sensitive_attributes": [],
          "identity_schema_version": 0,
          "private": "eyJlMmJmYjczMC1lY2FhLTExZTYtOGY4OC0zNDM2M2JjN2M0YzAiOnsiY3JlYXRlIjoxODAwMDAwMDAwMDAwLCJkZWxldGUiOjE4MDAwMDAwMDAwMDAsInJlYWQiOjMwMDAwMDAwMDAwMH19",
          "dependencies": [
            "module.networking.azurerm_firewall.main",
            "module.networking.azurerm_network_ddos_protection_plan.main",
            "module.networking.azurerm_public_ip.firewall",
            "module.networking.azurerm_resource_group.networking",
            "module.networking.azurerm_route_table.spoke",
            "module.networking.azurerm_subnet.hub",
            "module.networking.azurerm_subnet.spoke",
            "module.networking.azurerm_virtual_network.hub",
            "module.networking.azurerm_virtual_network.spoke"
          ]
        },
        {
          "index_key": "corp-Data",
          "schema_version": 0,
          "attributes": {
            "id": "/subscriptions/99b9471d-fb1f-4dc7-a739-203a486d9310/resourceGroups/rg-networking-prod/providers/Microsoft.Network/virtualNetworks/corp-spoke-vnet-prod/subnets/Data",
            "route_table_id": "/subscriptions/99b9471d-fb1f-4dc7-a739-203a486d9310/resourceGroups/rg-networking-prod/providers/Microsoft.Network/routeTables/rt-corp-to-firewall",
            "subnet_id": "/subscriptions/99b9471d-fb1f-4dc7-a739-203a486d9310/resourceGroups/rg-networking-prod/providers/Microsoft.Network/virtualNetworks/corp-spoke-vnet-prod/subnets/Data",
            "timeouts": null
          },
          "sensitive_attributes": [],
          "identity_schema_version": 0,
          "private": "eyJlMmJmYjczMC1lY2FhLTExZTYtOGY4OC0zNDM2M2JjN2M0YzAiOnsiY3JlYXRlIjoxODAwMDAwMDAwMDAwLCJkZWxldGUiOjE4MDAwMDAwMDAwMDAsInJlYWQiOjMwMDAwMDAwMDAwMH19",
          "dependencies": [
            "module.networking.azurerm_firewall.main",
            "module.networking.azurerm_network_ddos_protection_plan.main",
            "module.networking.azurerm_public_ip.firewall",
            "module.networking.azurerm_resource_group.networking",
            "module.networking.azurerm_route_table.spoke",
            "module.networking.azurerm_subnet.hub",
            "module.networking.azurerm_subnet.spoke",
            "module.networking.azurerm_virtual_network.hub",
            "module.networking.azurerm_virtual_network.spoke"
          ]
        },
        {
          "index_key": "corp-Workloads",
          "schema_version": 0,
          "attributes": {
            "id": "/subscriptions/99b9471d-fb1f-4dc7-a739-203a486d9310/resourceGroups/rg-networking-prod/providers/Microsoft.Network/virtualNetworks/corp-spoke-vnet-prod/subnets/Workloads",
            "route_table_id": "/subscriptions/99b9471d-fb1f-4dc7-a739-203a486d9310/resourceGroups/rg-networking-prod/providers/Microsoft.Network/routeTables/rt-corp-to-firewall",
            "subnet_id": "/subscriptions/99b9471d-fb1f-4dc7-a739-203a486d9310/resourceGroups/rg-networking-prod/providers/Microsoft.Network/virtualNetworks/corp-spoke-vnet-prod/subnets/Workloads",
            "timeouts": null
          },
          "sensitive_attributes": [],
          "identity_schema_version": 0,
          "private": "eyJlMmJmYjczMC1lY2FhLTExZTYtOGY4OC0zNDM2M2JjN2M0YzAiOnsiY3JlYXRlIjoxODAwMDAwMDAwMDAwLCJkZWxldGUiOjE4MDAwMDAwMDAwMDAsInJlYWQiOjMwMDAwMDAwMDAwMH19",
          "dependencies": [
            "module.networking.azurerm_firewall.main",
            "module.networking.azurerm_network_ddos_protection_plan.main",
            "module.networking.azurerm_public_ip.firewall",
            "module.networking.azurerm_resource_group.networking",
            "module.networking.azurerm_route_table.spoke",
            "module.networking.azurerm_subnet.hub",
            "module.networking.azurerm_subnet.spoke",
            "module.networking.azurerm_virtual_network.hub",
            "module.networking.azurerm_virtual_network.spoke"
          ]
        },
        {
          "index_key": "online-App",
          "schema_version": 0,
          "attributes": {
            "id": "/subscriptions/99b9471d-fb1f-4dc7-a739-203a486d9310/resourceGroups/rg-networking-prod/providers/Microsoft.Network/virtualNetworks/online-spoke-vnet-prod/subnets/App",
            "route_table_id": "/subscriptions/99b9471d-fb1f-4dc7-a739-203a486d9310/resourceGroups/rg-networking-prod/providers/Microsoft.Network/routeTables/rt-online-to-firewall",
            "subnet_id": "/subscriptions/99b9471d-fb1f-4dc7-a739-203a486d9310/resourceGroups/rg-networking-prod/providers/Microsoft.Network/virtualNetworks/online-spoke-vnet-prod/subnets/App",
            "timeouts": null
          },
          "sensitive_attributes": [],
          "identity_schema_version": 0,
          "private": "eyJlMmJmYjczMC1lY2FhLTExZTYtOGY4OC0zNDM2M2JjN2M0YzAiOnsiY3JlYXRlIjoxODAwMDAwMDAwMDAwLCJkZWxldGUiOjE4MDAwMDAwMDAwMDAsInJlYWQiOjMwMDAwMDAwMDAwMH19",
          "dependencies": [
            "module.networking.azurerm_firewall.main",
            "module.networking.azurerm_network_ddos_protection_plan.main",
            "module.networking.azurerm_public_ip.firewall",
            "module.networking.azurerm_resource_group.networking",
            "module.networking.azurerm_route_table.spoke",
            "module.networking.azurerm_subnet.hub",
            "module.networking.azurerm_subnet.spoke",
            "module.networking.azurerm_virtual_network.hub",
            "module.networking.azurerm_virtual_network.spoke"
          ]
        },
        {
          "index_key": "online-DB",
          "schema_version": 0,
          "attributes": {
            "id": "/subscriptions/99b9471d-fb1f-4dc7-a739-203a486d9310/resourceGroups/rg-networking-prod/providers/Microsoft.Network/virtualNetworks/online-spoke-vnet-prod/subnets/DB",
            "route_table_id": "/subscriptions/99b9471d-fb1f-4dc7-a739-203a486d9310/resourceGroups/rg-networking-prod/providers/Microsoft.Network/routeTables/rt-online-to-firewall",
            "subnet_id": "/subscriptions/99b9471d-fb1f-4dc7-a739-203a486d9310/resourceGroups/rg-networking-prod/providers/Microsoft.Network/virtualNetworks/online-spoke-vnet-prod/subnets/DB",
            "timeouts": null
          },
          "sensitive_attributes": [],
          "identity_schema_version": 0,
          "private": "eyJlMmJmYjczMC1lY2FhLTExZTYtOGY4OC0zNDM2M2JjN2M0YzAiOnsiY3JlYXRlIjoxODAwMDAwMDAwMDAwLCJkZWxldGUiOjE4MDAwMDAwMDAwMDAsInJlYWQiOjMwMDAwMDAwMDAwMH19",
          "dependencies": [
            "module.networking.azurerm_firewall.main",
            "module.networking.azurerm_network_ddos_protection_plan.main",
            "module.networking.azurerm_public_ip.firewall",
            "module.networking.azurerm_resource_group.networking",
            "module.networking.azurerm_route_table.spoke",
            "module.networking.azurerm_subnet.hub",
            "module.networking.azurerm_subnet.spoke",
            "module.networking.azurerm_virtual_network.hub",
            "module.networking.azurerm_virtual_network.spoke"
          ]
        },
        {
          "index_key": "online-Web",
          "schema_version": 0,
          "attributes": {
            "id": "/subscriptions/99b9471d-fb1f-4dc7-a739-203a486d9310/resourceGroups/rg-networking-prod/providers/Microsoft.Network/virtualNetworks/online-spoke-vnet-prod/subnets/Web",
            "route_table_id": "/subscriptions/99b9471d-fb1f-4dc7-a739-203a486d9310/resourceGroups/rg-networking-prod/providers/Microsoft.Network/routeTables/rt-online-to-firewall",
            "subnet_id": "/subscriptions/99b9471d-fb1f-4dc7-a739-203a486d9310/resourceGroups/rg-networking-prod/providers/Microsoft.Network/virtualNetworks/online-spoke-vnet-prod/subnets/Web",
            "timeouts": null
          },
          "sensitive_attributes": [],
          "identity_schema_version": 0,
          "private": "eyJlMmJmYjczMC1lY2FhLTExZTYtOGY4OC0zNDM2M2JjN2M0YzAiOnsiY3JlYXRlIjoxODAwMDAwMDAwMDAwLCJkZWxldGUiOjE4MDAwMDAwMDAwMDAsInJlYWQiOjMwMDAwMDAwMDAwMH19",
          "dependencies": [
            "module.networking.azurerm_firewall.main",
            "module.networking.azurerm_network_ddos_protection_plan.main",
            "module.networking.azurerm_public_ip.firewall",
            "module.networking.azurerm_resource_group.networking",
            "module.networking.azurerm_route_table.spoke",
            "module.networking.azurerm_subnet.hub",
            "module.networking.azurerm_subnet.spoke",
            "module.networking.azurerm_virtual_network.hub",
            "module.networking.azurerm_virtual_network.spoke"
          ]
        }
      ]
    },
    {
      "module": "module.networking",
      "mode": "managed",
      "type": "azurerm_virtual_network",
      "name": "hub",
      "provider": "provider[\"registry.terraform.io/hashicorp/azurerm\"]",
      "instances": [
        {
          "schema_version": 0,
          "attributes": {
            "address_space": [
              "10.0.0.0/16"
            ],
            "bgp_community": "",
            "ddos_protection_plan": [],
            "dns_servers": [],
            "edge_zone": "",
            "encryption": [],
            "flow_timeout_in_minutes": 0,
            "guid": "638cbadb-2836-4de0-92de-0039f25788e8",
            "id": "/subscriptions/99b9471d-fb1f-4dc7-a739-203a486d9310/resourceGroups/rg-networking-prod/providers/Microsoft.Network/virtualNetworks/hub-vnet-prod",
            "ip_address_pool": [],
            "location": "westeurope",
            "name": "hub-vnet-prod",
            "private_endpoint_vnet_policies": "Disabled",
            "resource_group_name": "rg-networking-prod",
            "subnet": [
              {
                "address_prefixes": [
                  "10.0.1.0/24"
                ],
                "default_outbound_access_enabled": true,
                "delegation": [],
                "id": "/subscriptions/99b9471d-fb1f-4dc7-a739-203a486d9310/resourceGroups/rg-networking-prod/providers/Microsoft.Network/virtualNetworks/hub-vnet-prod/subnets/AzureFirewallSubnet",
                "name": "AzureFirewallSubnet",
                "private_endpoint_network_policies": "Disabled",
                "private_link_service_network_policies_enabled": true,
                "route_table_id": "",
                "security_group": "",
                "service_endpoint_policy_ids": [],
                "service_endpoints": []
              },
              {
                "address_prefixes": [
                  "10.0.2.0/24"
                ],
                "default_outbound_access_enabled": true,
                "delegation": [],
                "id": "/subscriptions/99b9471d-fb1f-4dc7-a739-203a486d9310/resourceGroups/rg-networking-prod/providers/Microsoft.Network/virtualNetworks/hub-vnet-prod/subnets/AzureBastionSubnet",
                "name": "AzureBastionSubnet",
                "private_endpoint_network_policies": "Disabled",
                "private_link_service_network_policies_enabled": true,
                "route_table_id": "",
                "security_group": "",
                "service_endpoint_policy_ids": [],
                "service_endpoints": []
              },
              {
                "address_prefixes": [
                  "10.0.3.0/24"
                ],
                "default_outbound_access_enabled": true,
                "delegation": [],
                "id": "/subscriptions/99b9471d-fb1f-4dc7-a739-203a486d9310/resourceGroups/rg-networking-prod/providers/Microsoft.Network/virtualNetworks/hub-vnet-prod/subnets/GatewaySubnet",
                "name": "GatewaySubnet",
                "private_endpoint_network_policies": "Disabled",
                "private_link_service_network_policies_enabled": true,
                "route_table_id": "",
                "security_group": "",
                "service_endpoint_policy_ids": [],
                "service_endpoints": []
              },
              {
                "address_prefixes": [
                  "10.0.4.0/24"
                ],
                "default_outbound_access_enabled": true,
                "delegation": [],
                "id": "/subscriptions/99b9471d-fb1f-4dc7-a739-203a486d9310/resourceGroups/rg-networking-prod/providers/Microsoft.Network/virtualNetworks/hub-vnet-prod/subnets/Management",
                "name": "Management",
                "private_endpoint_network_policies": "Disabled",
                "private_link_service_network_policies_enabled": true,
                "route_table_id": "",
                "security_group": "",
                "service_endpoint_policy_ids": [],
                "service_endpoints": [
                  "Microsoft.KeyVault",
                  "Microsoft.Storage"
                ]
              },
              {
                "address_prefixes": [
                  "10.0.5.0/24"
                ],
                "default_outbound_access_enabled": true,
                "delegation": [],
                "id": "/subscriptions/99b9471d-fb1f-4dc7-a739-203a486d9310/resourceGroups/rg-networking-prod/providers/Microsoft.Network/virtualNetworks/hub-vnet-prod/subnets/SharedServices",
                "name": "SharedServices",
                "private_endpoint_network_policies": "Disabled",
                "private_link_service_network_policies_enabled": true,
                "route_table_id": "",
                "security_group": "",
                "service_endpoint_policy_ids": [],
                "service_endpoints": [
                  "Microsoft.Storage"
                ]
              }
            ],
            "tags": {
              "CostCenter": "IT-Platform",
              "Deployment": "PowerShell-Bootstrap",
              "Environment": "prod",
              "ManagedBy": "Terraform",
              "Project": "Platform Landing Zone"
            },
            "timeouts": null
          },
          "sensitive_attributes": [],
          "identity_schema_version": 0,
          "identity": {
            "name": "hub-vnet-prod",
            "resource_group_name": "rg-networking-prod",
            "subscription_id": "99b9471d-fb1f-4dc7-a739-203a486d9310"
          },
          "private": "eyJlMmJmYjczMC1lY2FhLTExZTYtOGY4OC0zNDM2M2JjN2M0YzAiOnsiY3JlYXRlIjoxODAwMDAwMDAwMDAwLCJkZWxldGUiOjE4MDAwMDAwMDAwMDAsInJlYWQiOjMwMDAwMDAwMDAwMCwidXBkYXRlIjoxODAwMDAwMDAwMDAwfX0=",
          "dependencies": [
            "module.networking.azurerm_network_ddos_protection_plan.main",
            "module.networking.azurerm_resource_group.networking"
          ]
        }
      ]
    },
    {
      "module": "module.networking",
      "mode": "managed",
      "type": "azurerm_virtual_network",
      "name": "spoke",
      "provider": "provider[\"registry.terraform.io/hashicorp/azurerm\"]",
      "instances": [
        {
          "index_key": "corp",
          "schema_version": 0,
          "attributes": {
            "address_space": [
              "10.1.0.0/16"
            ],
            "bgp_community": "",
            "ddos_protection_plan": [],
            "dns_servers": [],
            "edge_zone": "",
            "encryption": [],
            "flow_timeout_in_minutes": 0,
            "guid": "e9b4b7f0-e282-40d2-b629-46dea9302753",
            "id": "/subscriptions/99b9471d-fb1f-4dc7-a739-203a486d9310/resourceGroups/rg-networking-prod/providers/Microsoft.Network/virtualNetworks/corp-spoke-vnet-prod",
            "ip_address_pool": [],
            "location": "westeurope",
            "name": "corp-spoke-vnet-prod",
            "private_endpoint_vnet_policies": "Disabled",
            "resource_group_name": "rg-networking-prod",
            "subnet": [
              {
                "address_prefixes": [
                  "10.1.1.0/24"
                ],
                "default_outbound_access_enabled": true,
                "delegation": [],
                "id": "/subscriptions/99b9471d-fb1f-4dc7-a739-203a486d9310/resourceGroups/rg-networking-prod/providers/Microsoft.Network/virtualNetworks/corp-spoke-vnet-prod/subnets/Workloads",
                "name": "Workloads",
                "private_endpoint_network_policies": "Disabled",
                "private_link_service_network_policies_enabled": true,
                "route_table_id": "/subscriptions/99b9471d-fb1f-4dc7-a739-203a486d9310/resourceGroups/rg-networking-prod/providers/Microsoft.Network/routeTables/rt-corp-to-firewall",
                "security_group": "",
                "service_endpoint_policy_ids": [],
                "service_endpoints": [
                  "Microsoft.Sql",
                  "Microsoft.Storage"
                ]
              },
              {
                "address_prefixes": [
                  "10.1.2.0/24"
                ],
                "default_outbound_access_enabled": true,
                "delegation": [],
                "id": "/subscriptions/99b9471d-fb1f-4dc7-a739-203a486d9310/resourceGroups/rg-networking-prod/providers/Microsoft.Network/virtualNetworks/corp-spoke-vnet-prod/subnets/Data",
                "name": "Data",
                "private_endpoint_network_policies": "Disabled",
                "private_link_service_network_policies_enabled": true,
                "route_table_id": "/subscriptions/99b9471d-fb1f-4dc7-a739-203a486d9310/resourceGroups/rg-networking-prod/providers/Microsoft.Network/routeTables/rt-corp-to-firewall",
                "security_group": "",
                "service_endpoint_policy_ids": [],
                "service_endpoints": [
                  "Microsoft.Sql",
                  "Microsoft.Storage"
                ]
              },
              {
                "address_prefixes": [
                  "10.1.3.0/24"
                ],
                "default_outbound_access_enabled": true,
                "delegation": [],
                "id": "/subscriptions/99b9471d-fb1f-4dc7-a739-203a486d9310/resourceGroups/rg-networking-prod/providers/Microsoft.Network/virtualNetworks/corp-spoke-vnet-prod/subnets/App",
                "name": "App",
                "private_endpoint_network_policies": "Disabled",
                "private_link_service_network_policies_enabled": true,
                "route_table_id": "/subscriptions/99b9471d-fb1f-4dc7-a739-203a486d9310/resourceGroups/rg-networking-prod/providers/Microsoft.Network/routeTables/rt-corp-to-firewall",
                "security_group": "",
                "service_endpoint_policy_ids": [],
                "service_endpoints": [
                  "Microsoft.Storage"
                ]
              }
            ],
            "tags": {
              "CostCenter": "IT-Platform",
              "Deployment": "PowerShell-Bootstrap",
              "Environment": "prod",
              "ManagedBy": "Terraform",
              "Project": "Platform Landing Zone"
            },
            "timeouts": null
          },
          "sensitive_attributes": [],
          "identity_schema_version": 0,
          "identity": {
            "name": "corp-spoke-vnet-prod",
            "resource_group_name": "rg-networking-prod",
            "subscription_id": "99b9471d-fb1f-4dc7-a739-203a486d9310"
          },
          "private": "eyJlMmJmYjczMC1lY2FhLTExZTYtOGY4OC0zNDM2M2JjN2M0YzAiOnsiY3JlYXRlIjoxODAwMDAwMDAwMDAwLCJkZWxldGUiOjE4MDAwMDAwMDAwMDAsInJlYWQiOjMwMDAwMDAwMDAwMCwidXBkYXRlIjoxODAwMDAwMDAwMDAwfX0=",
          "dependencies": [
            "module.networking.azurerm_resource_group.networking"
          ]
        },
        {
          "index_key": "online",
          "schema_version": 0,
          "attributes": {
            "address_space": [
              "10.2.0.0/16"
            ],
            "bgp_community": "",
            "ddos_protection_plan": [],
            "dns_servers": [],
            "edge_zone": "",
            "encryption": [],
            "flow_timeout_in_minutes": 0,
            "guid": "5b4aff52-131c-4546-a132-82426d267fd3",
            "id": "/subscriptions/99b9471d-fb1f-4dc7-a739-203a486d9310/resourceGroups/rg-networking-prod/providers/Microsoft.Network/virtualNetworks/online-spoke-vnet-prod",
            "ip_address_pool": [],
            "location": "westeurope",
            "name": "online-spoke-vnet-prod",
            "private_endpoint_vnet_policies": "Disabled",
            "resource_group_name": "rg-networking-prod",
            "subnet": [
              {
                "address_prefixes": [
                  "10.2.1.0/24"
                ],
                "default_outbound_access_enabled": true,
                "delegation": [],
                "id": "/subscriptions/99b9471d-fb1f-4dc7-a739-203a486d9310/resourceGroups/rg-networking-prod/providers/Microsoft.Network/virtualNetworks/online-spoke-vnet-prod/subnets/Web",
                "name": "Web",
                "private_endpoint_network_policies": "Disabled",
                "private_link_service_network_policies_enabled": true,
                "route_table_id": "/subscriptions/99b9471d-fb1f-4dc7-a739-203a486d9310/resourceGroups/rg-networking-prod/providers/Microsoft.Network/routeTables/rt-online-to-firewall",
                "security_group": "",
                "service_endpoint_policy_ids": [],
                "service_endpoints": [
                  "Microsoft.Storage"
                ]
              },
              {
                "address_prefixes": [
                  "10.2.2.0/24"
                ],
                "default_outbound_access_enabled": true,
                "delegation": [],
                "id": "/subscriptions/99b9471d-fb1f-4dc7-a739-203a486d9310/resourceGroups/rg-networking-prod/providers/Microsoft.Network/virtualNetworks/online-spoke-vnet-prod/subnets/App",
                "name": "App",
                "private_endpoint_network_policies": "Disabled",
                "private_link_service_network_policies_enabled": true,
                "route_table_id": "/subscriptions/99b9471d-fb1f-4dc7-a739-203a486d9310/resourceGroups/rg-networking-prod/providers/Microsoft.Network/routeTables/rt-online-to-firewall",
                "security_group": "",
                "service_endpoint_policy_ids": [],
                "service_endpoints": [
                  "Microsoft.Storage"
                ]
              },
              {
                "address_prefixes": [
                  "10.2.3.0/24"
                ],
                "default_outbound_access_enabled": true,
                "delegation": [],
                "id": "/subscriptions/99b9471d-fb1f-4dc7-a739-203a486d9310/resourceGroups/rg-networking-prod/providers/Microsoft.Network/virtualNetworks/online-spoke-vnet-prod/subnets/DB",
                "name": "DB",
                "private_endpoint_network_policies": "Disabled",
                "private_link_service_network_policies_enabled": true,
                "route_table_id": "/subscriptions/99b9471d-fb1f-4dc7-a739-203a486d9310/resourceGroups/rg-networking-prod/providers/Microsoft.Network/routeTables/rt-online-to-firewall",
                "security_group": "",
                "service_endpoint_policy_ids": [],
                "service_endpoints": [
                  "Microsoft.Sql"
                ]
              }
            ],
            "tags": {
              "CostCenter": "IT-Platform",
              "Deployment": "PowerShell-Bootstrap",
              "Environment": "prod",
              "ManagedBy": "Terraform",
              "Project": "Platform Landing Zone"
            },
            "timeouts": null
          },
          "sensitive_attributes": [],
          "identity_schema_version": 0,
          "identity": {
            "name": "online-spoke-vnet-prod",
            "resource_group_name": "rg-networking-prod",
            "subscription_id": "99b9471d-fb1f-4dc7-a739-203a486d9310"
          },
          "private": "eyJlMmJmYjczMC1lY2FhLTExZTYtOGY4OC0zNDM2M2JjN2M0YzAiOnsiY3JlYXRlIjoxODAwMDAwMDAwMDAwLCJkZWxldGUiOjE4MDAwMDAwMDAwMDAsInJlYWQiOjMwMDAwMDAwMDAwMCwidXBkYXRlIjoxODAwMDAwMDAwMDAwfX0=",
          "dependencies": [
            "module.networking.azurerm_resource_group.networking"
          ]
        }
      ]
    },
    {
      "module": "module.networking",
      "mode": "managed",
      "type": "azurerm_virtual_network_peering",
      "name": "hub_to_spoke",
      "provider": "provider[\"registry.terraform.io/hashicorp/azurerm\"]",
      "instances": [
        {
          "index_key": "corp",
          "schema_version": 0,
          "attributes": {
            "allow_forwarded_traffic": true,
            "allow_gateway_transit": false,
            "allow_virtual_network_access": true,
            "id": "/subscriptions/99b9471d-fb1f-4dc7-a739-203a486d9310/resourceGroups/rg-networking-prod/providers/Microsoft.Network/virtualNetworks/hub-vnet-prod/virtualNetworkPeerings/hub-to-corp",
            "local_subnet_names": [],
            "name": "hub-to-corp",
            "only_ipv6_peering_enabled": false,
            "peer_complete_virtual_networks_enabled": true,
            "remote_subnet_names": [],
            "remote_virtual_network_id": "/subscriptions/99b9471d-fb1f-4dc7-a739-203a486d9310/resourceGroups/rg-networking-prod/providers/Microsoft.Network/virtualNetworks/corp-spoke-vnet-prod",
            "resource_group_name": "rg-networking-prod",
            "timeouts": null,
            "triggers": null,
            "use_remote_gateways": false,
            "virtual_network_name": "hub-vnet-prod"
          },
          "sensitive_attributes": [],
          "identity_schema_version": 0,
          "identity": {
            "name": "hub-to-corp",
            "resource_group_name": "rg-networking-prod",
            "subscription_id": "99b9471d-fb1f-4dc7-a739-203a486d9310",
            "virtual_network_name": "hub-vnet-prod"
          },
          "private": "eyJlMmJmYjczMC1lY2FhLTExZTYtOGY4OC0zNDM2M2JjN2M0YzAiOnsiY3JlYXRlIjoxODAwMDAwMDAwMDAwLCJkZWxldGUiOjE4MDAwMDAwMDAwMDAsInJlYWQiOjMwMDAwMDAwMDAwMCwidXBkYXRlIjoxODAwMDAwMDAwMDAwfX0=",
          "dependencies": [
            "module.networking.azurerm_network_ddos_protection_plan.main",
            "module.networking.azurerm_resource_group.networking",
            "module.networking.azurerm_virtual_network.hub",
            "module.networking.azurerm_virtual_network.spoke"
          ]
        },
        {
          "index_key": "online",
          "schema_version": 0,
          "attributes": {
            "allow_forwarded_traffic": true,
            "allow_gateway_transit": false,
            "allow_virtual_network_access": true,
            "id": "/subscriptions/99b9471d-fb1f-4dc7-a739-203a486d9310/resourceGroups/rg-networking-prod/providers/Microsoft.Network/virtualNetworks/hub-vnet-prod/virtualNetworkPeerings/hub-to-online",
            "local_subnet_names": [],
            "name": "hub-to-online",
            "only_ipv6_peering_enabled": false,
            "peer_complete_virtual_networks_enabled": true,
            "remote_subnet_names": [],
            "remote_virtual_network_id": "/subscriptions/99b9471d-fb1f-4dc7-a739-203a486d9310/resourceGroups/rg-networking-prod/providers/Microsoft.Network/virtualNetworks/online-spoke-vnet-prod",
            "resource_group_name": "rg-networking-prod",
            "timeouts": null,
            "triggers": null,
            "use_remote_gateways": false,
            "virtual_network_name": "hub-vnet-prod"
          },
          "sensitive_attributes": [],
          "identity_schema_version": 0,
          "identity": {
            "name": "hub-to-online",
            "resource_group_name": "rg-networking-prod",
            "subscription_id": "99b9471d-fb1f-4dc7-a739-203a486d9310",
            "virtual_network_name": "hub-vnet-prod"
          },
          "private": "eyJlMmJmYjczMC1lY2FhLTExZTYtOGY4OC0zNDM2M2JjN2M0YzAiOnsiY3JlYXRlIjoxODAwMDAwMDAwMDAwLCJkZWxldGUiOjE4MDAwMDAwMDAwMDAsInJlYWQiOjMwMDAwMDAwMDAwMCwidXBkYXRlIjoxODAwMDAwMDAwMDAwfX0=",
          "dependencies": [
            "module.networking.azurerm_network_ddos_protection_plan.main",
            "module.networking.azurerm_resource_group.networking",
            "module.networking.azurerm_virtual_network.hub",
            "module.networking.azurerm_virtual_network.spoke"
          ]
        }
      ]
    },
    {
      "module": "module.networking",
      "mode": "managed",
      "type": "azurerm_virtual_network_peering",
      "name": "spoke_to_hub",
      "provider": "provider[\"registry.terraform.io/hashicorp/azurerm\"]",
      "instances": [
        {
          "index_key": "corp",
          "schema_version": 0,
          "attributes": {
            "allow_forwarded_traffic": true,
            "allow_gateway_transit": false,
            "allow_virtual_network_access": true,
            "id": "/subscriptions/99b9471d-fb1f-4dc7-a739-203a486d9310/resourceGroups/rg-networking-prod/providers/Microsoft.Network/virtualNetworks/corp-spoke-vnet-prod/virtualNetworkPeerings/corp-to-hub",
            "local_subnet_names": [],
            "name": "corp-to-hub",
            "only_ipv6_peering_enabled": false,
            "peer_complete_virtual_networks_enabled": true,
            "remote_subnet_names": [],
            "remote_virtual_network_id": "/subscriptions/99b9471d-fb1f-4dc7-a739-203a486d9310/resourceGroups/rg-networking-prod/providers/Microsoft.Network/virtualNetworks/hub-vnet-prod",
            "resource_group_name": "rg-networking-prod",
            "timeouts": null,
            "triggers": null,
            "use_remote_gateways": false,
            "virtual_network_name": "corp-spoke-vnet-prod"
          },
          "sensitive_attributes": [],
          "identity_schema_version": 0,
          "identity": {
            "name": "corp-to-hub",
            "resource_group_name": "rg-networking-prod",
            "subscription_id": "99b9471d-fb1f-4dc7-a739-203a486d9310",
            "virtual_network_name": "corp-spoke-vnet-prod"
          },
          "private": "eyJlMmJmYjczMC1lY2FhLTExZTYtOGY4OC0zNDM2M2JjN2M0YzAiOnsiY3JlYXRlIjoxODAwMDAwMDAwMDAwLCJkZWxldGUiOjE4MDAwMDAwMDAwMDAsInJlYWQiOjMwMDAwMDAwMDAwMCwidXBkYXRlIjoxODAwMDAwMDAwMDAwfX0=",
          "dependencies": [
            "module.networking.azurerm_network_ddos_protection_plan.main",
            "module.networking.azurerm_resource_group.networking",
            "module.networking.azurerm_virtual_network.hub",
            "module.networking.azurerm_virtual_network.spoke"
          ]
        },
        {
          "index_key": "online",
          "schema_version": 0,
          "attributes": {
            "allow_forwarded_traffic": true,
            "allow_gateway_transit": false,
            "allow_virtual_network_access": true,
            "id": "/subscriptions/99b9471d-fb1f-4dc7-a739-203a486d9310/resourceGroups/rg-networking-prod/providers/Microsoft.Network/virtualNetworks/online-spoke-vnet-prod/virtualNetworkPeerings/online-to-hub",
            "local_subnet_names": [],
            "name": "online-to-hub",
            "only_ipv6_peering_enabled": false,
            "peer_complete_virtual_networks_enabled": true,
            "remote_subnet_names": [],
            "remote_virtual_network_id": "/subscriptions/99b9471d-fb1f-4dc7-a739-203a486d9310/resourceGroups/rg-networking-prod/providers/Microsoft.Network/virtualNetworks/hub-vnet-prod",
            "resource_group_name": "rg-networking-prod",
            "timeouts": null,
            "triggers": null,
            "use_remote_gateways": false,
            "virtual_network_name": "online-spoke-vnet-prod"
          },
          "sensitive_attributes": [],
          "identity_schema_version": 0,
          "identity": {
            "name": "online-to-hub",
            "resource_group_name": "rg-networking-prod",
            "subscription_id": "99b9471d-fb1f-4dc7-a739-203a486d9310",
            "virtual_network_name": "online-spoke-vnet-prod"
          },
          "private": "eyJlMmJmYjczMC1lY2FhLTExZTYtOGY4OC0zNDM2M2JjN2M0YzAiOnsiY3JlYXRlIjoxODAwMDAwMDAwMDAwLCJkZWxldGUiOjE4MDAwMDAwMDAwMDAsInJlYWQiOjMwMDAwMDAwMDAwMCwidXBkYXRlIjoxODAwMDAwMDAwMDAwfX0=",
          "dependencies": [
            "module.networking.azurerm_network_ddos_protection_plan.main",
            "module.networking.azurerm_resource_group.networking",
            "module.networking.azurerm_virtual_network.hub",
            "module.networking.azurerm_virtual_network.spoke"
          ]
        }
      ]
    },
    {
      "module": "module.policies",
      "mode": "managed",
      "type": "azurerm_management_group_policy_assignment",
      "name": "allowed_locations",
      "provider": "provider[\"registry.terraform.io/hashicorp/azurerm\"]",
      "instances": [
        {
          "schema_version": 0,
          "attributes": {
            "description": "",
            "display_name": "",
            "enforce": true,
            "id": "/providers/Microsoft.Management/managementGroups/platform/providers/Microsoft.Authorization/policyAssignments/assign-allowed-locations",
            "identity": [],
            "location": "",
            "management_group_id": "/providers/Microsoft.Management/managementGroups/platform",
            "metadata": "{\"createdBy\":\"71cfeb27-409a-4dbb-be04-e0ea0b3b6ea7\",\"createdOn\":\"2026-04-02T08:12:06.7262875Z\",\"updatedBy\":null,\"updatedOn\":null}",
            "name": "assign-allowed-locations",
            "non_compliance_message": [],
            "not_scopes": null,
            "overrides": [],
            "parameters": "{\"listOfAllowedLocations\":{\"value\":[\"westeurope\",\"westus\",\"westeurope\"]}}",
            "policy_definition_id": "/providers/Microsoft.Management/managementGroups/platform/providers/Microsoft.Authorization/policyDefinitions/allowed-locations",
            "resource_selectors": [],
            "timeouts": null
          },
          "sensitive_attributes": [],
          "identity_schema_version": 0,
          "private": "eyJlMmJmYjczMC1lY2FhLTExZTYtOGY4OC0zNDM2M2JjN2M0YzAiOnsiY3JlYXRlIjoxODAwMDAwMDAwMDAwLCJkZWxldGUiOjE4MDAwMDAwMDAwMDAsInJlYWQiOjMwMDAwMDAwMDAwMCwidXBkYXRlIjoxODAwMDAwMDAwMDAwfX0=",
          "dependencies": [
            "module.management_groups.azurerm_management_group.child",
            "module.management_groups.azurerm_management_group.parent",
            "module.policies.azurerm_policy_definition.allowed_locations"
          ]
        }
      ]
    },
    {
      "module": "module.policies",
      "mode": "managed",
      "type": "azurerm_management_group_policy_assignment",
      "name": "storage_https",
      "provider": "provider[\"registry.terraform.io/hashicorp/azurerm\"]",
      "instances": [
        {
          "schema_version": 0,
          "attributes": {
            "description": "",
            "display_name": "",
            "enforce": true,
            "id": "/providers/Microsoft.Management/managementGroups/platform/providers/Microsoft.Authorization/policyAssignments/assign-storage-https",
            "identity": [],
            "location": "",
            "management_group_id": "/providers/Microsoft.Management/managementGroups/platform",
            "metadata": "{\"createdBy\":\"71cfeb27-409a-4dbb-be04-e0ea0b3b6ea7\",\"createdOn\":\"2026-04-02T08:12:04.7659812Z\",\"updatedBy\":null,\"updatedOn\":null}",
            "name": "assign-storage-https",
            "non_compliance_message": [],
            "not_scopes": null,
            "overrides": [],
            "parameters": "{}",
            "policy_definition_id": "/providers/Microsoft.Management/managementGroups/platform/providers/Microsoft.Authorization/policyDefinitions/storage-https-only",
            "resource_selectors": [],
            "timeouts": null
          },
          "sensitive_attributes": [],
          "identity_schema_version": 0,
          "private": "eyJlMmJmYjczMC1lY2FhLTExZTYtOGY4OC0zNDM2M2JjN2M0YzAiOnsiY3JlYXRlIjoxODAwMDAwMDAwMDAwLCJkZWxldGUiOjE4MDAwMDAwMDAwMDAsInJlYWQiOjMwMDAwMDAwMDAwMCwidXBkYXRlIjoxODAwMDAwMDAwMDAwfX0=",
          "dependencies": [
            "module.management_groups.azurerm_management_group.child",
            "module.management_groups.azurerm_management_group.parent",
            "module.policies.azurerm_policy_definition.storage_https"
          ]
        }
      ]
    },
    {
      "module": "module.policies",
      "mode": "managed",
      "type": "azurerm_policy_definition",
      "name": "allowed_locations",
      "provider": "provider[\"registry.terraform.io/hashicorp/azurerm\"]",
      "instances": [
        {
          "schema_version": 0,
          "attributes": {
            "description": "Restrict locations to allowed regions",
            "display_name": "Allowed locations",
            "id": "/providers/Microsoft.Management/managementGroups/platform/providers/Microsoft.Authorization/policyDefinitions/allowed-locations",
            "management_group_id": "/providers/Microsoft.Management/managementGroups/platform",
            "metadata": "{\"category\":\"General\",\"createdBy\":\"71cfeb27-409a-4dbb-be04-e0ea0b3b6ea7\",\"createdOn\":\"2026-04-02T08:10:33.7561156Z\",\"updatedBy\":null,\"updatedOn\":null,\"version\":\"1.0.0\"}",
            "mode": "Indexed",
            "name": "allowed-locations",
            "parameters": "{\"listOfAllowedLocations\":{\"type\":\"Array\",\"metadata\":{\"description\":\"The list of allowed locations for resources.\",\"displayName\":\"Allowed locations\"}}}",
            "policy_rule": "{\"if\":{\"not\":{\"field\":\"location\",\"in\":\"[parameters('listOfAllowedLocations')]\"}},\"then\":{\"effect\":\"Deny\"}}",
            "policy_type": "Custom",
            "role_definition_ids": [],
            "timeouts": null
          },
          "sensitive_attributes": [],
          "identity_schema_version": 0,
          "private": "eyJlMmJmYjczMC1lY2FhLTExZTYtOGY4OC0zNDM2M2JjN2M0YzAiOnsiY3JlYXRlIjoxODAwMDAwMDAwMDAwLCJkZWxldGUiOjE4MDAwMDAwMDAwMDAsInJlYWQiOjMwMDAwMDAwMDAwMCwidXBkYXRlIjoxODAwMDAwMDAwMDAwfX0=",
          "dependencies": [
            "module.management_groups.azurerm_management_group.child",
            "module.management_groups.azurerm_management_group.parent"
          ]
        }
      ]
    },
    {
      "module": "module.policies",
      "mode": "managed",
      "type": "azurerm_policy_definition",
      "name": "allowed_vm_skus",
      "provider": "provider[\"registry.terraform.io/hashicorp/azurerm\"]",
      "instances": [
        {
          "schema_version": 0,
          "attributes": {
            "description": "Restrict VM SKUs to approved list",
            "display_name": "Allowed virtual machine SKUs",
            "id": "/providers/Microsoft.Management/managementGroups/platform/providers/Microsoft.Authorization/policyDefinitions/allowed-vm-skus",
            "management_group_id": "/providers/Microsoft.Management/managementGroups/platform",
            "metadata": "{\"category\":\"Compute\",\"createdBy\":\"71cfeb27-409a-4dbb-be04-e0ea0b3b6ea7\",\"createdOn\":\"2026-04-02T08:10:33.8884708Z\",\"updatedBy\":null,\"updatedOn\":null,\"version\":\"1.0.0\"}",
            "mode": "All",
            "name": "allowed-vm-skus",
            "parameters": "{\"listOfAllowedSKUs\":{\"type\":\"Array\",\"metadata\":{\"description\":\"The list of allowed SKUs for virtual machines.\",\"displayName\":\"Allowed SKUs\"}}}",
            "policy_rule": "{\"if\":{\"allOf\":[{\"equals\":\"Microsoft.Compute/virtualMachines\",\"field\":\"type\"},{\"not\":{\"field\":\"Microsoft.Compute/virtualMachines/sku.name\",\"in\":\"[parameters('listOfAllowedSKUs')]\"}}]},\"then\":{\"effect\":\"Deny\"}}",
            "policy_type": "Custom",
            "role_definition_ids": [],
            "timeouts": null
          },
          "sensitive_attributes": [],
          "identity_schema_version": 0,
          "private": "eyJlMmJmYjczMC1lY2FhLTExZTYtOGY4OC0zNDM2M2JjN2M0YzAiOnsiY3JlYXRlIjoxODAwMDAwMDAwMDAwLCJkZWxldGUiOjE4MDAwMDAwMDAwMDAsInJlYWQiOjMwMDAwMDAwMDAwMCwidXBkYXRlIjoxODAwMDAwMDAwMDAwfX0=",
          "dependencies": [
            "module.management_groups.azurerm_management_group.child",
            "module.management_groups.azurerm_management_group.parent"
          ]
        }
      ]
    },
    {
      "module": "module.policies",
      "mode": "managed",
      "type": "azurerm_policy_definition",
      "name": "storage_https",
      "provider": "provider[\"registry.terraform.io/hashicorp/azurerm\"]",
      "instances": [
        {
          "schema_version": 0,
          "attributes": {
            "description": "Require HTTPS traffic for storage accounts",
            "display_name": "Enforce HTTPS for storage accounts",
            "id": "/providers/Microsoft.Management/managementGroups/platform/providers/Microsoft.Authorization/policyDefinitions/storage-https-only",
            "management_group_id": "/providers/Microsoft.Management/managementGroups/platform",
            "metadata": "{\"category\":\"Storage\",\"createdBy\":\"71cfeb27-409a-4dbb-be04-e0ea0b3b6ea7\",\"createdOn\":\"2026-04-02T08:10:32.2668036Z\",\"updatedBy\":null,\"updatedOn\":null,\"version\":\"1.0.0\"}",
            "mode": "Indexed",
            "name": "storage-https-only",
            "parameters": "",
            "policy_rule": "{\"if\":{\"allOf\":[{\"equals\":\"Microsoft.Storage/storageAccounts\",\"field\":\"type\"},{\"field\":\"Microsoft.Storage/storageAccounts/supportsHttpsTrafficOnly\",\"notEquals\":true}]},\"then\":{\"effect\":\"Deny\"}}",
            "policy_type": "Custom",
            "role_definition_ids": [],
            "timeouts": null
          },
          "sensitive_attributes": [],
          "identity_schema_version": 0,
          "private": "eyJlMmJmYjczMC1lY2FhLTExZTYtOGY4OC0zNDM2M2JjN2M0YzAiOnsiY3JlYXRlIjoxODAwMDAwMDAwMDAwLCJkZWxldGUiOjE4MDAwMDAwMDAwMDAsInJlYWQiOjMwMDAwMDAwMDAwMCwidXBkYXRlIjoxODAwMDAwMDAwMDAwfX0=",
          "dependencies": [
            "module.management_groups.azurerm_management_group.child",
            "module.management_groups.azurerm_management_group.parent"
          ]
        }
      ]
    },
    {
      "module": "module.security",
      "mode": "data",
      "type": "azurerm_client_config",
      "name": "current",
      "provider": "provider[\"registry.terraform.io/hashicorp/azurerm\"]",
      "instances": [
        {
          "schema_version": 0,
          "attributes": {
            "client_id": "04b07795-8ddb-461a-bbee-02f9e1bf7b46",
            "id": "Y2xpZW50Q29uZmlncy9jbGllbnRJZD0wNGIwNzc5NS04ZGRiLTQ2MWEtYmJlZS0wMmY5ZTFiZjdiNDY7b2JqZWN0SWQ9NzFjZmViMjctNDA5YS00ZGJiLWJlMDQtZTBlYTBiM2I2ZWE3O3N1YnNjcmlwdGlvbklkPTk5Yjk0NzFkLWZiMWYtNGRjNy1hNzM5LTIwM2E0ODZkOTMxMDt0ZW5hbnRJZD1lODEyNTk4Ny1mMDY2LTQ2YzItYmM3MS1iZWM5ZDhkM2FlZjU=",
            "object_id": "71cfeb27-409a-4dbb-be04-e0ea0b3b6ea7",
            "subscription_id": "99b9471d-fb1f-4dc7-a739-203a486d9310",
            "tenant_id": "e8125987-f066-46c2-bc71-bec9d8d3aef5",
            "timeouts": null
          },
          "sensitive_attributes": [],
          "identity_schema_version": 0
        }
      ]
    },
    {
      "module": "module.security",
      "mode": "managed",
      "type": "azurerm_key_vault",
      "name": "main",
      "provider": "provider[\"registry.terraform.io/hashicorp/azurerm\"]",
      "instances": [
        {
          "schema_version": 2,
          "attributes": {
            "access_policy": [
              {
                "application_id": "",
                "certificate_permissions": [
                  "Get",
                  "List",
                  "Create",
                  "Delete",
                  "Update"
                ],
                "key_permissions": [
                  "Get",
                  "List",
                  "Create",
                  "Delete",
                  "Update",
                  "Import",
                  "Backup",
                  "Restore",
                  "Recover",
                  "UnwrapKey",
                  "WrapKey",
                  "Verify",
                  "Sign",
                  "Encrypt",
                  "Decrypt"
                ],
                "object_id": "71cfeb27-409a-4dbb-be04-e0ea0b3b6ea7",
                "secret_permissions": [
                  "Get",
                  "List",
                  "Set",
                  "Delete",
                  "Backup",
                  "Restore",
                  "Recover"
                ],
                "storage_permissions": [],
                "tenant_id": "e8125987-f066-46c2-bc71-bec9d8d3aef5"
              }
            ],
            "contact": [],
            "enable_rbac_authorization": false,
            "enabled_for_deployment": false,
            "enabled_for_disk_encryption": true,
            "enabled_for_template_deployment": false,
            "id": "/subscriptions/99b9471d-fb1f-4dc7-a739-203a486d9310/resourceGroups/rg-security-prod/providers/Microsoft.KeyVault/vaults/kv-platform-prod-yc3r3b",
            "location": "westeurope",
            "name": "kv-platform-prod-yc3r3b",
            "network_acls": [
              {
                "bypass": "AzureServices",
                "default_action": "Allow",
                "ip_rules": [],
                "virtual_network_subnet_ids": []
              }
            ],
            "public_network_access_enabled": true,
            "purge_protection_enabled": false,
            "rbac_authorization_enabled": false,
            "resource_group_name": "rg-security-prod",
            "sku_name": "standard",
            "soft_delete_retention_days": 7,
            "tags": {
              "CostCenter": "IT-Platform",
              "Deployment": "PowerShell-Bootstrap",
              "Environment": "prod",
              "ManagedBy": "Terraform",
              "Project": "Platform Landing Zone"
            },
            "tenant_id": "e8125987-f066-46c2-bc71-bec9d8d3aef5",
            "timeouts": null,
            "vault_uri": "https://kv-platform-prod-yc3r3b.vault.azure.net/"
          },
          "sensitive_attributes": [],
          "identity_schema_version": 0,
          "private": "eyJlMmJmYjczMC1lY2FhLTExZTYtOGY4OC0zNDM2M2JjN2M0YzAiOnsiY3JlYXRlIjoxODAwMDAwMDAwMDAwLCJkZWxldGUiOjE4MDAwMDAwMDAwMDAsInJlYWQiOjMwMDAwMDAwMDAwMCwidXBkYXRlIjoxODAwMDAwMDAwMDAwfSwic2NoZW1hX3ZlcnNpb24iOiIyIn0=",
          "dependencies": [
            "module.security.azurerm_resource_group.security",
            "module.security.data.azurerm_client_config.current",
            "module.security.random_string.suffix"
          ]
        }
      ]
    },
    {
      "module": "module.security",
      "mode": "managed",
      "type": "azurerm_key_vault_access_policy",
      "name": "current_user",
      "provider": "provider[\"registry.terraform.io/hashicorp/azurerm\"]",
      "instances": [
        {
          "schema_version": 0,
          "attributes": {
            "application_id": "",
            "certificate_permissions": [
              "Get",
              "List",
              "Create",
              "Delete",
              "Update"
            ],
            "id": "/subscriptions/99b9471d-fb1f-4dc7-a739-203a486d9310/resourceGroups/rg-security-prod/providers/Microsoft.KeyVault/vaults/kv-platform-prod-yc3r3b/objectId/71cfeb27-409a-4dbb-be04-e0ea0b3b6ea7",
            "key_permissions": [
              "Get",
              "List",
              "Create",
              "Delete",
              "Update",
              "Import",
              "Backup",
              "Restore",
              "Recover",
              "UnwrapKey",
              "WrapKey",
              "Verify",
              "Sign",
              "Encrypt",
              "Decrypt"
            ],
            "key_vault_id": "/subscriptions/99b9471d-fb1f-4dc7-a739-203a486d9310/resourceGroups/rg-security-prod/providers/Microsoft.KeyVault/vaults/kv-platform-prod-yc3r3b",
            "object_id": "71cfeb27-409a-4dbb-be04-e0ea0b3b6ea7",
            "secret_permissions": [
              "Get",
              "List",
              "Set",
              "Delete",
              "Backup",
              "Restore",
              "Recover"
            ],
            "storage_permissions": [],
            "tenant_id": "e8125987-f066-46c2-bc71-bec9d8d3aef5",
            "timeouts": null
          },
          "sensitive_attributes": [],
          "identity_schema_version": 0,
          "private": "eyJlMmJmYjczMC1lY2FhLTExZTYtOGY4OC0zNDM2M2JjN2M0YzAiOnsiY3JlYXRlIjoxODAwMDAwMDAwMDAwLCJkZWxldGUiOjE4MDAwMDAwMDAwMDAsInJlYWQiOjMwMDAwMDAwMDAwMCwidXBkYXRlIjoxODAwMDAwMDAwMDAwfX0=",
          "dependencies": [
            "module.security.azurerm_key_vault.main",
            "module.security.azurerm_resource_group.security",
            "module.security.data.azurerm_client_config.current",
            "module.security.random_string.suffix"
          ]
        }
      ]
    },
    {
      "module": "module.security",
      "mode": "managed",
      "type": "azurerm_key_vault_secret",
      "name": "example",
      "provider": "provider[\"registry.terraform.io/hashicorp/azurerm\"]",
      "instances": [
        {
          "schema_version": 0,
          "attributes": {
            "content_type": "",
            "expiration_date": "",
            "id": "https://kv-platform-prod-yc3r3b.vault.azure.net/secrets/example-secret/ff2fe06c363044c2b01278116a2347a7",
            "key_vault_id": "/subscriptions/99b9471d-fb1f-4dc7-a739-203a486d9310/resourceGroups/rg-security-prod/providers/Microsoft.KeyVault/vaults/kv-platform-prod-yc3r3b",
            "name": "example-secret",
            "not_before_date": "",
            "resource_id": "/subscriptions/99b9471d-fb1f-4dc7-a739-203a486d9310/resourceGroups/rg-security-prod/providers/Microsoft.KeyVault/vaults/kv-platform-prod-yc3r3b/secrets/example-secret/versions/ff2fe06c363044c2b01278116a2347a7",
            "resource_versionless_id": "/subscriptions/99b9471d-fb1f-4dc7-a739-203a486d9310/resourceGroups/rg-security-prod/providers/Microsoft.KeyVault/vaults/kv-platform-prod-yc3r3b/secrets/example-secret",
            "tags": {
              "CostCenter": "IT-Platform",
              "Deployment": "PowerShell-Bootstrap",
              "Environment": "prod",
              "ManagedBy": "Terraform",
              "Project": "Platform Landing Zone"
            },
            "timeouts": null,
            "value": "ReplaceWithActualSecret",
            "value_wo": null,
            "value_wo_version": 0,
            "version": "ff2fe06c363044c2b01278116a2347a7",
            "versionless_id": "https://kv-platform-prod-yc3r3b.vault.azure.net/secrets/example-secret"
          },
          "sensitive_attributes": [
            [
              {
                "type": "get_attr",
                "value": "value"
              }
            ]
          ],
          "identity_schema_version": 0,
          "private": "eyJlMmJmYjczMC1lY2FhLTExZTYtOGY4OC0zNDM2M2JjN2M0YzAiOnsiY3JlYXRlIjoxODAwMDAwMDAwMDAwLCJkZWxldGUiOjE4MDAwMDAwMDAwMDAsInJlYWQiOjE4MDAwMDAwMDAwMDAsInVwZGF0ZSI6MTgwMDAwMDAwMDAwMH19",
          "dependencies": [
            "module.security.azurerm_key_vault.main",
            "module.security.azurerm_resource_group.security",
            "module.security.data.azurerm_client_config.current",
            "module.security.random_string.suffix"
          ]
        }
      ]
    },
    {
      "module": "module.security",
      "mode": "managed",
      "type": "azurerm_resource_group",
      "name": "security",
      "provider": "provider[\"registry.terraform.io/hashicorp/azurerm\"]",
      "instances": [
        {
          "schema_version": 0,
          "attributes": {
            "id": "/subscriptions/99b9471d-fb1f-4dc7-a739-203a486d9310/resourceGroups/rg-security-prod",
            "location": "westeurope",
            "managed_by": "",
            "name": "rg-security-prod",
            "tags": {
              "CostCenter": "IT-Platform",
              "Deployment": "PowerShell-Bootstrap",
              "Environment": "prod",
              "ManagedBy": "Terraform",
              "Project": "Platform Landing Zone"
            },
            "timeouts": null
          },
          "sensitive_attributes": [],
          "identity_schema_version": 0,
          "identity": {
            "name": "rg-security-prod",
            "subscription_id": "99b9471d-fb1f-4dc7-a739-203a486d9310"
          },
          "private": "eyJlMmJmYjczMC1lY2FhLTExZTYtOGY4OC0zNDM2M2JjN2M0YzAiOnsiY3JlYXRlIjo1NDAwMDAwMDAwMDAwLCJkZWxldGUiOjU0MDAwMDAwMDAwMDAsInJlYWQiOjMwMDAwMDAwMDAwMCwidXBkYXRlIjo1NDAwMDAwMDAwMDAwfX0="
        }
      ]
    },
    {
      "module": "module.security",
      "mode": "managed",
      "type": "random_string",
      "name": "suffix",
      "provider": "provider[\"registry.terraform.io/hashicorp/random\"]",
      "instances": [
        {
          "schema_version": 2,
          "attributes": {
            "id": "yc3r3b",
            "keepers": null,
            "length": 6,
            "lower": true,
            "min_lower": 0,
            "min_numeric": 0,
            "min_special": 0,
            "min_upper": 0,
            "number": true,
            "numeric": true,
            "override_special": null,
            "result": "yc3r3b",
            "special": false,
            "upper": false
          },
          "sensitive_attributes": [],
          "identity_schema_version": 0
        }
      ]
    },
    {
      "module": "module.subscriptions",
      "mode": "data",
      "type": "azurerm_subscription",
      "name": "existing",
      "provider": "provider[\"registry.terraform.io/hashicorp/azurerm\"]",
      "instances": []
    },
    {
      "module": "module.subscriptions",
      "mode": "managed",
      "type": "azurerm_management_group_subscription_association",
      "name": "assoc",
      "provider": "provider[\"registry.terraform.io/hashicorp/azurerm\"]",
      "instances": []
    },
    {
      "module": "module.subscriptions",
      "mode": "managed",
      "type": "azurerm_subscription",
      "name": "new",
      "provider": "provider[\"registry.terraform.io/hashicorp/azurerm\"]",
      "instances": []
    }
  ],
  "check_results": null
}
