{
  "version": 4,
  "terraform_version": "1.13.1",
  "serial": 12,
  "lineage": "7e421594-9b0c-9e0d-8aac-2a9ccfde16dd",
  "outputs": {
    "deployment_summary": {
      "value": {
        "environment": "dev",
        "has_bastion": false,
        "has_firewall": false,
        "location": "westeurope",
        "management_groups": [],
        "subscriptions": []
      },
      "type": [
        "object",
        {
          "environment": "string",
          "has_bastion": "bool",
          "has_firewall": "bool",
          "location": "string",
          "management_groups": [
            "tuple",
            []
          ],
          "subscriptions": [
            "tuple",
            []
          ]
        }
      ]
    },
    "key_vault_id": {
      "value": "/subscriptions/99b9471d-fb1f-4dc7-a739-203a486d9310/resourceGroups/rg-security-dev/providers/Microsoft.KeyVault/vaults/kv-platform-dev-hzh2oh",
      "type": "string",
      "sensitive": true
    },
    "key_vault_uri": {
      "value": "https://kv-platform-dev-hzh2oh.vault.azure.net/",
      "type": "string"
    },
    "management_group_ids": {
      "value": {},
      "type": [
        "object",
        {}
      ]
    },
    "management_group_names": {
      "value": {},
      "type": [
        "object",
        {}
      ]
    },
    "subscription_ids": {
      "value": {},
      "type": [
        "object",
        {}
      ],
      "sensitive": true
    }
  },
  "resources": [
    {
      "mode": "data",
      "type": "azuread_client_config",
      "name": "current",
      "provider": "provider[\"registry.terraform.io/hashicorp/azuread\"]",
      "instances": [
        {
          "schema_version": 0,
          "attributes": {
            "client_id": "04b07795-8ddb-461a-bbee-02f9e1bf7b46",
            "id": "e8125987-f066-46c2-bc71-bec9d8d3aef5-04b07795-8ddb-461a-bbee-02f9e1bf7b46-71cfeb27-409a-4dbb-be04-e0ea0b3b6ea7",
            "object_id": "71cfeb27-409a-4dbb-be04-e0ea0b3b6ea7",
            "tenant_id": "e8125987-f066-46c2-bc71-bec9d8d3aef5",
            "timeouts": null
          },
          "sensitive_attributes": [],
          "identity_schema_version": 0
        }
      ]
    },
    {
      "mode": "data",
      "type": "azurerm_client_config",
      "name": "current",
      "provider": "provider[\"registry.terraform.io/hashicorp/azurerm\"]",
      "instances": [
        {
          "schema_version": 0,
          "attributes": {
            "client_id": "04b07795-8ddb-461a-bbee-02f9e1bf7b46",
            "id": "Y2xpZW50Q29uZmlncy9jbGllbnRJZD0wNGIwNzc5NS04ZGRiLTQ2MWEtYmJlZS0wMmY5ZTFiZjdiNDY7b2JqZWN0SWQ9NzFjZmViMjctNDA5YS00ZGJiLWJlMDQtZTBlYTBiM2I2ZWE3O3N1YnNjcmlwdGlvbklkPTk5Yjk0NzFkLWZiMWYtNGRjNy1hNzM5LTIwM2E0ODZkOTMxMDt0ZW5hbnRJZD1lODEyNTk4Ny1mMDY2LTQ2YzItYmM3MS1iZWM5ZDhkM2FlZjU=",
            "object_id": "71cfeb27-409a-4dbb-be04-e0ea0b3b6ea7",
            "subscription_id": "99b9471d-fb1f-4dc7-a739-203a486d9310",
            "tenant_id": "e8125987-f066-46c2-bc71-bec9d8d3aef5",
            "timeouts": null
          },
          "sensitive_attributes": [],
          "identity_schema_version": 0
        }
      ]
    },
    {
      "mode": "data",
      "type": "azurerm_subscription",
      "name": "current",
      "provider": "provider[\"registry.terraform.io/hashicorp/azurerm\"]",
      "instances": [
        {
          "schema_version": 0,
          "attributes": {
            "display_name": "mohamedtaoufikSub",
            "id": "/subscriptions/99b9471d-fb1f-4dc7-a739-203a486d9310",
            "location_placement_id": "Public_2014-09-01",
            "quota_id": "FreeTrial_2014-09-01",
            "spending_limit": "On",
            "state": "Enabled",
            "subscription_id": "99b9471d-fb1f-4dc7-a739-203a486d9310",
            "tags": {},
            "tenant_id": "e8125987-f066-46c2-bc71-bec9d8d3aef5",
            "timeouts": null
          },
          "sensitive_attributes": [],
          "identity_schema_version": 0
        }
      ]
    },
    {
      "mode": "managed",
      "type": "random_string",
      "name": "suffix",
      "provider": "provider[\"registry.terraform.io/hashicorp/random\"]",
      "instances": [
        {
          "schema_version": 2,
          "attributes": {
            "id": "xa446b",
            "keepers": null,
            "length": 6,
            "lower": true,
            "min_lower": 0,
            "min_numeric": 0,
            "min_special": 0,
            "min_upper": 0,
            "number": true,
            "numeric": true,
            "override_special": null,
            "result": "xa446b",
            "special": false,
            "upper": false
          },
          "sensitive_attributes": [],
          "identity_schema_version": 0
        }
      ]
    },
    {
      "module": "module.monitoring",
      "mode": "data",
      "type": "azurerm_subscription",
      "name": "current",
      "provider": "provider[\"registry.terraform.io/hashicorp/azurerm\"]",
      "instances": [
        {
          "schema_version": 0,
          "attributes": {
            "display_name": "mohamedtaoufikSub",
            "id": "/subscriptions/99b9471d-fb1f-4dc7-a739-203a486d9310",
            "location_placement_id": "Public_2014-09-01",
            "quota_id": "FreeTrial_2014-09-01",
            "spending_limit": "On",
            "state": "Enabled",
            "subscription_id": "99b9471d-fb1f-4dc7-a739-203a486d9310",
            "tags": {},
            "tenant_id": "e8125987-f066-46c2-bc71-bec9d8d3aef5",
            "timeouts": null
          },
          "sensitive_attributes": [],
          "identity_schema_version": 0
        }
      ]
    },
    {
      "module": "module.monitoring",
      "mode": "managed",
      "type": "azurerm_monitor_action_group",
      "name": "security",
      "provider": "provider[\"registry.terraform.io/hashicorp/azurerm\"]",
      "instances": []
    },
    {
      "module": "module.monitoring",
      "mode": "managed",
      "type": "azurerm_resource_group",
      "name": "monitoring",
      "provider": "provider[\"registry.terraform.io/hashicorp/azurerm\"]",
      "instances": [
        {
          "schema_version": 0,
          "attributes": {
            "id": "/subscriptions/99b9471d-fb1f-4dc7-a739-203a486d9310/resourceGroups/rg-monitoring-dev",
            "location": "westeurope",
            "managed_by": "",
            "name": "rg-monitoring-dev",
            "tags": {
              "CostCenter": "IT-Platform",
              "Deployment": "PowerShell-Bootstrap",
              "Environment": "dev",
              "ManagedBy": "Terraform",
              "Project": "Platform Landing Zone"
            },
            "timeouts": null
          },
          "sensitive_attributes": [],
          "identity_schema_version": 0,
          "identity": {
            "name": "rg-monitoring-dev",
            "subscription_id": "99b9471d-fb1f-4dc7-a739-203a486d9310"
          },
          "private": "eyJlMmJmYjczMC1lY2FhLTExZTYtOGY4OC0zNDM2M2JjN2M0YzAiOnsiY3JlYXRlIjo1NDAwMDAwMDAwMDAwLCJkZWxldGUiOjU0MDAwMDAwMDAwMDAsInJlYWQiOjMwMDAwMDAwMDAwMCwidXBkYXRlIjo1NDAwMDAwMDAwMDAwfX0="
        }
      ]
    },
    {
      "module": "module.networking",
      "mode": "managed",
      "type": "azurerm_network_ddos_protection_plan",
      "name": "main",
      "provider": "provider[\"registry.terraform.io/hashicorp/azurerm\"]",
      "instances": []
    },
    {
      "module": "module.networking",
      "mode": "managed",
      "type": "azurerm_public_ip",
      "name": "bastion",
      "provider": "provider[\"registry.terraform.io/hashicorp/azurerm\"]",
      "instances": []
    },
    {
      "module": "module.networking",
      "mode": "managed",
      "type": "azurerm_public_ip",
      "name": "firewall",
      "provider": "provider[\"registry.terraform.io/hashicorp/azurerm\"]",
      "instances": []
    },
    {
      "module": "module.networking",
      "mode": "managed",
      "type": "azurerm_resource_group",
      "name": "networking",
      "provider": "provider[\"registry.terraform.io/hashicorp/azurerm\"]",
      "instances": [
        {
          "schema_version": 0,
          "attributes": {
            "id": "/subscriptions/99b9471d-fb1f-4dc7-a739-203a486d9310/resourceGroups/rg-networking-dev",
            "location": "westeurope",
            "managed_by": "",
            "name": "rg-networking-dev",
            "tags": {
              "CostCenter": "IT-Platform",
              "Deployment": "PowerShell-Bootstrap",
              "Environment": "dev",
              "ManagedBy": "Terraform",
              "Project": "Platform Landing Zone"
            },
            "timeouts": null
          },
          "sensitive_attributes": [],
          "identity_schema_version": 0,
          "identity": {
            "name": "rg-networking-dev",
            "subscription_id": "99b9471d-fb1f-4dc7-a739-203a486d9310"
          },
          "private": "eyJlMmJmYjczMC1lY2FhLTExZTYtOGY4OC0zNDM2M2JjN2M0YzAiOnsiY3JlYXRlIjo1NDAwMDAwMDAwMDAwLCJkZWxldGUiOjU0MDAwMDAwMDAwMDAsInJlYWQiOjMwMDAwMDAwMDAwMCwidXBkYXRlIjo1NDAwMDAwMDAwMDAwfX0="
        }
      ]
    },
    {
      "module": "module.networking",
      "mode": "managed",
      "type": "azurerm_virtual_network",
      "name": "spoke",
      "provider": "provider[\"registry.terraform.io/hashicorp/azurerm\"]",
      "instances": [
        {
          "index_key": "online",
          "schema_version": 0,
          "attributes": {
            "address_space": [
              "10.2.0.0/16"
            ],
            "bgp_community": "",
            "ddos_protection_plan": [],
            "dns_servers": [],
            "edge_zone": "",
            "encryption": [],
            "flow_timeout_in_minutes": 0,
            "guid": "02559540-da44-48f3-ac31-39af776c96c6",
            "id": "/subscriptions/99b9471d-fb1f-4dc7-a739-203a486d9310/resourceGroups/rg-networking-dev/providers/Microsoft.Network/virtualNetworks/online-spoke-vnet-dev",
            "ip_address_pool": [],
            "location": "westeurope",
            "name": "online-spoke-vnet-dev",
            "private_endpoint_vnet_policies": "Disabled",
            "resource_group_name": "rg-networking-dev",
            "subnet": [],
            "tags": {
              "CostCenter": "IT-Platform",
              "Deployment": "PowerShell-Bootstrap",
              "Environment": "dev",
              "ManagedBy": "Terraform",
              "Project": "Platform Landing Zone"
            },
            "timeouts": null
          },
          "sensitive_attributes": [],
          "identity_schema_version": 0,
          "identity": {
            "name": "online-spoke-vnet-dev",
            "resource_group_name": "rg-networking-dev",
            "subscription_id": "99b9471d-fb1f-4dc7-a739-203a486d9310"
          },
          "private": "eyJlMmJmYjczMC1lY2FhLTExZTYtOGY4OC0zNDM2M2JjN2M0YzAiOnsiY3JlYXRlIjoxODAwMDAwMDAwMDAwLCJkZWxldGUiOjE4MDAwMDAwMDAwMDAsInJlYWQiOjMwMDAwMDAwMDAwMCwidXBkYXRlIjoxODAwMDAwMDAwMDAwfX0=",
          "dependencies": [
            "module.networking.azurerm_resource_group.networking"
          ]
        }
      ]
    },
    {
      "module": "module.security",
      "mode": "data",
      "type": "azurerm_client_config",
      "name": "current",
      "provider": "provider[\"registry.terraform.io/hashicorp/azurerm\"]",
      "instances": [
        {
          "schema_version": 0,
          "attributes": {
            "client_id": "04b07795-8ddb-461a-bbee-02f9e1bf7b46",
            "id": "Y2xpZW50Q29uZmlncy9jbGllbnRJZD0wNGIwNzc5NS04ZGRiLTQ2MWEtYmJlZS0wMmY5ZTFiZjdiNDY7b2JqZWN0SWQ9NzFjZmViMjctNDA5YS00ZGJiLWJlMDQtZTBlYTBiM2I2ZWE3O3N1YnNjcmlwdGlvbklkPTk5Yjk0NzFkLWZiMWYtNGRjNy1hNzM5LTIwM2E0ODZkOTMxMDt0ZW5hbnRJZD1lODEyNTk4Ny1mMDY2LTQ2YzItYmM3MS1iZWM5ZDhkM2FlZjU=",
            "object_id": "71cfeb27-409a-4dbb-be04-e0ea0b3b6ea7",
            "subscription_id": "99b9471d-fb1f-4dc7-a739-203a486d9310",
            "tenant_id": "e8125987-f066-46c2-bc71-bec9d8d3aef5",
            "timeouts": null
          },
          "sensitive_attributes": [],
          "identity_schema_version": 0
        }
      ]
    },
    {
      "module": "module.security",
      "mode": "managed",
      "type": "azurerm_key_vault",
      "name": "main",
      "provider": "provider[\"registry.terraform.io/hashicorp/azurerm\"]",
      "instances": [
        {
          "schema_version": 2,
          "attributes": {
            "access_policy": [],
            "contact": [],
            "enable_rbac_authorization": false,
            "enabled_for_deployment": false,
            "enabled_for_disk_encryption": true,
            "enabled_for_template_deployment": false,
            "id": "/subscriptions/99b9471d-fb1f-4dc7-a739-203a486d9310/resourceGroups/rg-security-dev/providers/Microsoft.KeyVault/vaults/kv-platform-dev-hzh2oh",
            "location": "westeurope",
            "name": "kv-platform-dev-hzh2oh",
            "network_acls": [
              {
                "bypass": "AzureServices",
                "default_action": "Allow",
                "ip_rules": null,
                "virtual_network_subnet_ids": null
              }
            ],
            "public_network_access_enabled": true,
            "purge_protection_enabled": false,
            "rbac_authorization_enabled": false,
            "resource_group_name": "rg-security-dev",
            "sku_name": "standard",
            "soft_delete_retention_days": 7,
            "tags": {
              "CostCenter": "IT-Platform",
              "Deployment": "PowerShell-Bootstrap",
              "Environment": "dev",
              "ManagedBy": "Terraform",
              "Project": "Platform Landing Zone"
            },
            "tenant_id": "e8125987-f066-46c2-bc71-bec9d8d3aef5",
            "timeouts": null,
            "vault_uri": "https://kv-platform-dev-hzh2oh.vault.azure.net/"
          },
          "sensitive_attributes": [],
          "identity_schema_version": 0,
          "private": "eyJlMmJmYjczMC1lY2FhLTExZTYtOGY4OC0zNDM2M2JjN2M0YzAiOnsiY3JlYXRlIjoxODAwMDAwMDAwMDAwLCJkZWxldGUiOjE4MDAwMDAwMDAwMDAsInJlYWQiOjMwMDAwMDAwMDAwMCwidXBkYXRlIjoxODAwMDAwMDAwMDAwfSwic2NoZW1hX3ZlcnNpb24iOiIyIn0=",
          "dependencies": [
            "module.security.azurerm_resource_group.security",
            "module.security.data.azurerm_client_config.current",
            "module.security.random_string.suffix"
          ]
        }
      ]
    },
    {
      "module": "module.security",
      "mode": "managed",
      "type": "azurerm_key_vault_access_policy",
      "name": "current_user",
      "provider": "provider[\"registry.terraform.io/hashicorp/azurerm\"]",
      "instances": [
        {
          "schema_version": 0,
          "attributes": {
            "application_id": null,
            "certificate_permissions": [
              "Get",
              "List",
              "Create",
              "Delete",
              "Update"
            ],
            "id": "/subscriptions/99b9471d-fb1f-4dc7-a739-203a486d9310/resourceGroups/rg-security-dev/providers/Microsoft.KeyVault/vaults/kv-platform-dev-hzh2oh/objectId/71cfeb27-409a-4dbb-be04-e0ea0b3b6ea7",
            "key_permissions": [
              "Get",
              "List",
              "Create",
              "Delete",
              "Update",
              "Import",
              "Backup",
              "Restore",
              "Recover",
              "UnwrapKey",
              "WrapKey",
              "Verify",
              "Sign",
              "Encrypt",
              "Decrypt"
            ],
            "key_vault_id": "/subscriptions/99b9471d-fb1f-4dc7-a739-203a486d9310/resourceGroups/rg-security-dev/providers/Microsoft.KeyVault/vaults/kv-platform-dev-hzh2oh",
            "object_id": "71cfeb27-409a-4dbb-be04-e0ea0b3b6ea7",
            "secret_permissions": [
              "Get",
              "List",
              "Set",
              "Delete",
              "Backup",
              "Restore",
              "Recover"
            ],
            "storage_permissions": null,
            "tenant_id": "e8125987-f066-46c2-bc71-bec9d8d3aef5",
            "timeouts": null
          },
          "sensitive_attributes": [],
          "identity_schema_version": 0,
          "private": "eyJlMmJmYjczMC1lY2FhLTExZTYtOGY4OC0zNDM2M2JjN2M0YzAiOnsiY3JlYXRlIjoxODAwMDAwMDAwMDAwLCJkZWxldGUiOjE4MDAwMDAwMDAwMDAsInJlYWQiOjMwMDAwMDAwMDAwMCwidXBkYXRlIjoxODAwMDAwMDAwMDAwfX0=",
          "dependencies": [
            "module.security.azurerm_key_vault.main",
            "module.security.azurerm_resource_group.security",
            "module.security.data.azurerm_client_config.current",
            "module.security.random_string.suffix"
          ]
        }
      ]
    },
    {
      "module": "module.security",
      "mode": "managed",
      "type": "azurerm_key_vault_secret",
      "name": "example",
      "provider": "provider[\"registry.terraform.io/hashicorp/azurerm\"]",
      "instances": []
    },
    {
      "module": "module.security",
      "mode": "managed",
      "type": "azurerm_resource_group",
      "name": "security",
      "provider": "provider[\"registry.terraform.io/hashicorp/azurerm\"]",
      "instances": [
        {
          "schema_version": 0,
          "attributes": {
            "id": "/subscriptions/99b9471d-fb1f-4dc7-a739-203a486d9310/resourceGroups/rg-security-dev",
            "location": "westeurope",
            "managed_by": "",
            "name": "rg-security-dev",
            "tags": {
              "CostCenter": "IT-Platform",
              "Deployment": "PowerShell-Bootstrap",
              "Environment": "dev",
              "ManagedBy": "Terraform",
              "Project": "Platform Landing Zone"
            },
            "timeouts": null
          },
          "sensitive_attributes": [],
          "identity_schema_version": 0,
          "identity": {
            "name": "rg-security-dev",
            "subscription_id": "99b9471d-fb1f-4dc7-a739-203a486d9310"
          },
          "private": "eyJlMmJmYjczMC1lY2FhLTExZTYtOGY4OC0zNDM2M2JjN2M0YzAiOnsiY3JlYXRlIjo1NDAwMDAwMDAwMDAwLCJkZWxldGUiOjU0MDAwMDAwMDAwMDAsInJlYWQiOjMwMDAwMDAwMDAwMCwidXBkYXRlIjo1NDAwMDAwMDAwMDAwfX0="
        }
      ]
    },
    {
      "module": "module.security",
      "mode": "managed",
      "type": "random_string",
      "name": "suffix",
      "provider": "provider[\"registry.terraform.io/hashicorp/random\"]",
      "instances": [
        {
          "schema_version": 2,
          "attributes": {
            "id": "hzh2oh",
            "keepers": null,
            "length": 6,
            "lower": true,
            "min_lower": 0,
            "min_numeric": 0,
            "min_special": 0,
            "min_upper": 0,
            "number": true,
            "numeric": true,
            "override_special": null,
            "result": "hzh2oh",
            "special": false,
            "upper": false
          },
          "sensitive_attributes": [],
          "identity_schema_version": 0
        }
      ]
    }
  ],
  "check_results": null
}
